
Microsoft Visual Studio Solution File, Format Version 12.00
# Visual Studio 15
VisualStudioVersion = 15.0.27130.2010
MinimumVisualStudioVersion = 10.0.40219.1
Project("{9A19103F-16F7-4668-BE54-9A1E7A4F7556}") = "Blueprint41", "Blueprint41\Blueprint41.csproj", "{B24F3C43-0B21-474A-8B42-E9E165E2F8CF}"
EndProject
Project("{FAE04EC0-301F-11D3-BF4B-00C04F79EFBC}") = "Blueprint41Test", "Blueprint41Test\Blueprint41Test.csproj", "{015DA6C1-B35B-4E38-A999-A15246B0B25C}"
EndProject
Project("{2150E333-8FDC-42A3-9474-1A3956D46DE8}") = "Documentation", "Documentation", "{9EEBF9E1-477C-4C27-84BC-72BF814287E2}"
	ProjectSection(SolutionItems) = preProject
		Documentation\GettingStarted.txt = Documentation\GettingStarted.txt
	EndProjectSection
EndProject
Project("{FAE04EC0-301F-11D3-BF4B-00C04F79EFBC}") = "Blueprint41.Modeller", "Blueprint41.Modeller\Blueprint41.Modeller.csproj", "{946C189D-DA9D-49DC-8A0C-CF4820B26C0D}"
EndProject
Project("{9A19103F-16F7-4668-BE54-9A1E7A4F7556}") = "Blueprint41.Modeller.Schemas", "Blueprint41.Modeller.Schemas\Blueprint41.Modeller.Schemas.csproj", "{CE27C579-0842-46A2-8ABA-D21908AC00B6}"
EndProject
Project("{9A19103F-16F7-4668-BE54-9A1E7A4F7556}") = "Blueprint41.UnitTest", "Blueprint41.UnitTest\Blueprint41.UnitTest.csproj", "{31A46AC6-6D52-4E1E-AA6A-A28DE282844A}"
EndProject
Project("{54435603-DBB4-11D2-8724-00A0C9A8B90C}") = "Blueprint41.Modeller.SetUp", "Blueprint41.Modeller.SetUp\Setup\Setup.vdproj", "{EAA5EA88-4554-4D91-BF49-8A3043E3C9A8}"
EndProject
Project("{FAE04EC0-301F-11D3-BF4B-00C04F79EFBC}") = "Blueprint41.Modeller.Uninstall", "Blueprint41.Modeller.Uninstall\Blueprint41.Modeller.Uninstall.csproj", "{4A7D9D9A-0AB3-49DB-A393-09C8B6CD3B34}"
EndProject
Global
	GlobalSection(SolutionConfigurationPlatforms) = preSolution
		CutRelease|Any CPU = CutRelease|Any CPU
		CutRelease|x64 = CutRelease|x64
		CutRelease|x86 = CutRelease|x86
		Debug Surface Graph Viewer|Any CPU = Debug Surface Graph Viewer|Any CPU
		Debug Surface Graph Viewer|x64 = Debug Surface Graph Viewer|x64
		Debug Surface Graph Viewer|x86 = Debug Surface Graph Viewer|x86
		Debug|Any CPU = Debug|Any CPU
		Debug|x64 = Debug|x64
		Debug|x86 = Debug|x86
		DebugDevTrace|Any CPU = DebugDevTrace|Any CPU
		DebugDevTrace|x64 = DebugDevTrace|x64
		DebugDevTrace|x86 = DebugDevTrace|x86
		DebugSurface|Any CPU = DebugSurface|Any CPU
		DebugSurface|x64 = DebugSurface|x64
		DebugSurface|x86 = DebugSurface|x86
		DebugWithoutRebuild|Any CPU = DebugWithoutRebuild|Any CPU
		DebugWithoutRebuild|x64 = DebugWithoutRebuild|x64
		DebugWithoutRebuild|x86 = DebugWithoutRebuild|x86
		MinimalMsagl|Any CPU = MinimalMsagl|Any CPU
		MinimalMsagl|x64 = MinimalMsagl|x64
		MinimalMsagl|x86 = MinimalMsagl|x86
		Release|Any CPU = Release|Any CPU
		Release|x64 = Release|x64
		Release|x86 = Release|x86
		Retail|Any CPU = Retail|Any CPU
		Retail|x64 = Retail|x64
		Retail|x86 = Retail|x86
		Setup|Any CPU = Setup|Any CPU
		Setup|x64 = Setup|x64
		Setup|x86 = Setup|x86
		Surface Graph Viewer - Debug|Any CPU = Surface Graph Viewer - Debug|Any CPU
		Surface Graph Viewer - Debug|x64 = Surface Graph Viewer - Debug|x64
		Surface Graph Viewer - Debug|x86 = Surface Graph Viewer - Debug|x86
		Surface Graph Viewer - Release|Any CPU = Surface Graph Viewer - Release|Any CPU
		Surface Graph Viewer - Release|x64 = Surface Graph Viewer - Release|x64
		Surface Graph Viewer - Release|x86 = Surface Graph Viewer - Release|x86
	EndGlobalSection
	GlobalSection(ProjectConfigurationPlatforms) = postSolution
		{B24F3C43-0B21-474A-8B42-E9E165E2F8CF}.CutRelease|Any CPU.ActiveCfg = Release|Any CPU
		{B24F3C43-0B21-474A-8B42-E9E165E2F8CF}.CutRelease|Any CPU.Build.0 = Release|Any CPU
		{B24F3C43-0B21-474A-8B42-E9E165E2F8CF}.CutRelease|x64.ActiveCfg = Release|Any CPU
		{B24F3C43-0B21-474A-8B42-E9E165E2F8CF}.CutRelease|x64.Build.0 = Release|Any CPU
		{B24F3C43-0B21-474A-8B42-E9E165E2F8CF}.CutRelease|x86.ActiveCfg = Release|x86
		{B24F3C43-0B21-474A-8B42-E9E165E2F8CF}.CutRelease|x86.Build.0 = Release|x86
		{B24F3C43-0B21-474A-8B42-E9E165E2F8CF}.Debug Surface Graph Viewer|Any CPU.ActiveCfg = Debug|Any CPU
		{B24F3C43-0B21-474A-8B42-E9E165E2F8CF}.Debug Surface Graph Viewer|Any CPU.Build.0 = Debug|Any CPU
		{B24F3C43-0B21-474A-8B42-E9E165E2F8CF}.Debug Surface Graph Viewer|x64.ActiveCfg = Debug|Any CPU
		{B24F3C43-0B21-474A-8B42-E9E165E2F8CF}.Debug Surface Graph Viewer|x64.Build.0 = Debug|Any CPU
		{B24F3C43-0B21-474A-8B42-E9E165E2F8CF}.Debug Surface Graph Viewer|x86.ActiveCfg = Debug|x86
		{B24F3C43-0B21-474A-8B42-E9E165E2F8CF}.Debug Surface Graph Viewer|x86.Build.0 = Debug|x86
		{B24F3C43-0B21-474A-8B42-E9E165E2F8CF}.Debug|Any CPU.ActiveCfg = Debug|Any CPU
		{B24F3C43-0B21-474A-8B42-E9E165E2F8CF}.Debug|Any CPU.Build.0 = Debug|Any CPU
		{B24F3C43-0B21-474A-8B42-E9E165E2F8CF}.Debug|x64.ActiveCfg = Debug|Any CPU
		{B24F3C43-0B21-474A-8B42-E9E165E2F8CF}.Debug|x64.Build.0 = Debug|Any CPU
		{B24F3C43-0B21-474A-8B42-E9E165E2F8CF}.Debug|x86.ActiveCfg = Debug|x86
		{B24F3C43-0B21-474A-8B42-E9E165E2F8CF}.Debug|x86.Build.0 = Debug|x86
		{B24F3C43-0B21-474A-8B42-E9E165E2F8CF}.DebugDevTrace|Any CPU.ActiveCfg = Debug|Any CPU
		{B24F3C43-0B21-474A-8B42-E9E165E2F8CF}.DebugDevTrace|Any CPU.Build.0 = Debug|Any CPU
		{B24F3C43-0B21-474A-8B42-E9E165E2F8CF}.DebugDevTrace|x64.ActiveCfg = Debug|Any CPU
		{B24F3C43-0B21-474A-8B42-E9E165E2F8CF}.DebugDevTrace|x64.Build.0 = Debug|Any CPU
		{B24F3C43-0B21-474A-8B42-E9E165E2F8CF}.DebugDevTrace|x86.ActiveCfg = Debug|x86
		{B24F3C43-0B21-474A-8B42-E9E165E2F8CF}.DebugDevTrace|x86.Build.0 = Debug|x86
		{B24F3C43-0B21-474A-8B42-E9E165E2F8CF}.DebugSurface|Any CPU.ActiveCfg = Debug|Any CPU
		{B24F3C43-0B21-474A-8B42-E9E165E2F8CF}.DebugSurface|Any CPU.Build.0 = Debug|Any CPU
		{B24F3C43-0B21-474A-8B42-E9E165E2F8CF}.DebugSurface|x64.ActiveCfg = Debug|Any CPU
		{B24F3C43-0B21-474A-8B42-E9E165E2F8CF}.DebugSurface|x64.Build.0 = Debug|Any CPU
		{B24F3C43-0B21-474A-8B42-E9E165E2F8CF}.DebugSurface|x86.ActiveCfg = Debug|x86
		{B24F3C43-0B21-474A-8B42-E9E165E2F8CF}.DebugSurface|x86.Build.0 = Debug|x86
		{B24F3C43-0B21-474A-8B42-E9E165E2F8CF}.DebugWithoutRebuild|Any CPU.ActiveCfg = Debug|Any CPU
		{B24F3C43-0B21-474A-8B42-E9E165E2F8CF}.DebugWithoutRebuild|Any CPU.Build.0 = Debug|Any CPU
		{B24F3C43-0B21-474A-8B42-E9E165E2F8CF}.DebugWithoutRebuild|x64.ActiveCfg = Debug|Any CPU
		{B24F3C43-0B21-474A-8B42-E9E165E2F8CF}.DebugWithoutRebuild|x64.Build.0 = Debug|Any CPU
		{B24F3C43-0B21-474A-8B42-E9E165E2F8CF}.DebugWithoutRebuild|x86.ActiveCfg = Debug|x86
		{B24F3C43-0B21-474A-8B42-E9E165E2F8CF}.DebugWithoutRebuild|x86.Build.0 = Debug|x86
		{B24F3C43-0B21-474A-8B42-E9E165E2F8CF}.MinimalMsagl|Any CPU.ActiveCfg = Release|Any CPU
		{B24F3C43-0B21-474A-8B42-E9E165E2F8CF}.MinimalMsagl|Any CPU.Build.0 = Release|Any CPU
		{B24F3C43-0B21-474A-8B42-E9E165E2F8CF}.MinimalMsagl|x64.ActiveCfg = Release|Any CPU
		{B24F3C43-0B21-474A-8B42-E9E165E2F8CF}.MinimalMsagl|x64.Build.0 = Release|Any CPU
		{B24F3C43-0B21-474A-8B42-E9E165E2F8CF}.MinimalMsagl|x86.ActiveCfg = Release|x86
		{B24F3C43-0B21-474A-8B42-E9E165E2F8CF}.MinimalMsagl|x86.Build.0 = Release|x86
		{B24F3C43-0B21-474A-8B42-E9E165E2F8CF}.Release|Any CPU.ActiveCfg = Release|Any CPU
		{B24F3C43-0B21-474A-8B42-E9E165E2F8CF}.Release|Any CPU.Build.0 = Release|Any CPU
		{B24F3C43-0B21-474A-8B42-E9E165E2F8CF}.Release|x64.ActiveCfg = Release|Any CPU
		{B24F3C43-0B21-474A-8B42-E9E165E2F8CF}.Release|x64.Build.0 = Release|Any CPU
		{B24F3C43-0B21-474A-8B42-E9E165E2F8CF}.Release|x86.ActiveCfg = Release|x86
		{B24F3C43-0B21-474A-8B42-E9E165E2F8CF}.Release|x86.Build.0 = Release|x86
		{B24F3C43-0B21-474A-8B42-E9E165E2F8CF}.Retail|Any CPU.ActiveCfg = Release|Any CPU
		{B24F3C43-0B21-474A-8B42-E9E165E2F8CF}.Retail|Any CPU.Build.0 = Release|Any CPU
		{B24F3C43-0B21-474A-8B42-E9E165E2F8CF}.Retail|x64.ActiveCfg = Release|Any CPU
		{B24F3C43-0B21-474A-8B42-E9E165E2F8CF}.Retail|x64.Build.0 = Release|Any CPU
		{B24F3C43-0B21-474A-8B42-E9E165E2F8CF}.Retail|x86.ActiveCfg = Release|x86
		{B24F3C43-0B21-474A-8B42-E9E165E2F8CF}.Retail|x86.Build.0 = Release|x86
		{B24F3C43-0B21-474A-8B42-E9E165E2F8CF}.Setup|Any CPU.ActiveCfg = Release|Any CPU
		{B24F3C43-0B21-474A-8B42-E9E165E2F8CF}.Setup|Any CPU.Build.0 = Release|Any CPU
		{B24F3C43-0B21-474A-8B42-E9E165E2F8CF}.Setup|x64.ActiveCfg = Release|Any CPU
		{B24F3C43-0B21-474A-8B42-E9E165E2F8CF}.Setup|x64.Build.0 = Release|Any CPU
		{B24F3C43-0B21-474A-8B42-E9E165E2F8CF}.Setup|x86.ActiveCfg = Release|x86
		{B24F3C43-0B21-474A-8B42-E9E165E2F8CF}.Setup|x86.Build.0 = Release|x86
		{B24F3C43-0B21-474A-8B42-E9E165E2F8CF}.Surface Graph Viewer - Debug|Any CPU.ActiveCfg = Debug|Any CPU
		{B24F3C43-0B21-474A-8B42-E9E165E2F8CF}.Surface Graph Viewer - Debug|Any CPU.Build.0 = Debug|Any CPU
		{B24F3C43-0B21-474A-8B42-E9E165E2F8CF}.Surface Graph Viewer - Debug|x64.ActiveCfg = Debug|Any CPU
		{B24F3C43-0B21-474A-8B42-E9E165E2F8CF}.Surface Graph Viewer - Debug|x64.Build.0 = Debug|Any CPU
		{B24F3C43-0B21-474A-8B42-E9E165E2F8CF}.Surface Graph Viewer - Debug|x86.ActiveCfg = Debug|x86
		{B24F3C43-0B21-474A-8B42-E9E165E2F8CF}.Surface Graph Viewer - Debug|x86.Build.0 = Debug|x86
		{B24F3C43-0B21-474A-8B42-E9E165E2F8CF}.Surface Graph Viewer - Release|Any CPU.ActiveCfg = Release|Any CPU
		{B24F3C43-0B21-474A-8B42-E9E165E2F8CF}.Surface Graph Viewer - Release|Any CPU.Build.0 = Release|Any CPU
		{B24F3C43-0B21-474A-8B42-E9E165E2F8CF}.Surface Graph Viewer - Release|x64.ActiveCfg = Release|Any CPU
		{B24F3C43-0B21-474A-8B42-E9E165E2F8CF}.Surface Graph Viewer - Release|x64.Build.0 = Release|Any CPU
		{B24F3C43-0B21-474A-8B42-E9E165E2F8CF}.Surface Graph Viewer - Release|x86.ActiveCfg = Release|x86
		{B24F3C43-0B21-474A-8B42-E9E165E2F8CF}.Surface Graph Viewer - Release|x86.Build.0 = Release|x86
		{015DA6C1-B35B-4E38-A999-A15246B0B25C}.CutRelease|Any CPU.ActiveCfg = Release|Any CPU
		{015DA6C1-B35B-4E38-A999-A15246B0B25C}.CutRelease|Any CPU.Build.0 = Release|Any CPU
		{015DA6C1-B35B-4E38-A999-A15246B0B25C}.CutRelease|x64.ActiveCfg = Release|Any CPU
		{015DA6C1-B35B-4E38-A999-A15246B0B25C}.CutRelease|x64.Build.0 = Release|Any CPU
		{015DA6C1-B35B-4E38-A999-A15246B0B25C}.CutRelease|x86.ActiveCfg = Release|x86
		{015DA6C1-B35B-4E38-A999-A15246B0B25C}.CutRelease|x86.Build.0 = Release|x86
		{015DA6C1-B35B-4E38-A999-A15246B0B25C}.Debug Surface Graph Viewer|Any CPU.ActiveCfg = Debug|Any CPU
		{015DA6C1-B35B-4E38-A999-A15246B0B25C}.Debug Surface Graph Viewer|Any CPU.Build.0 = Debug|Any CPU
		{015DA6C1-B35B-4E38-A999-A15246B0B25C}.Debug Surface Graph Viewer|x64.ActiveCfg = Debug|Any CPU
		{015DA6C1-B35B-4E38-A999-A15246B0B25C}.Debug Surface Graph Viewer|x64.Build.0 = Debug|Any CPU
		{015DA6C1-B35B-4E38-A999-A15246B0B25C}.Debug Surface Graph Viewer|x86.ActiveCfg = Debug|x86
		{015DA6C1-B35B-4E38-A999-A15246B0B25C}.Debug Surface Graph Viewer|x86.Build.0 = Debug|x86
		{015DA6C1-B35B-4E38-A999-A15246B0B25C}.Debug|Any CPU.ActiveCfg = Debug|Any CPU
		{015DA6C1-B35B-4E38-A999-A15246B0B25C}.Debug|Any CPU.Build.0 = Debug|Any CPU
		{015DA6C1-B35B-4E38-A999-A15246B0B25C}.Debug|x64.ActiveCfg = Debug|Any CPU
		{015DA6C1-B35B-4E38-A999-A15246B0B25C}.Debug|x64.Build.0 = Debug|Any CPU
		{015DA6C1-B35B-4E38-A999-A15246B0B25C}.Debug|x86.ActiveCfg = Debug|x86
		{015DA6C1-B35B-4E38-A999-A15246B0B25C}.Debug|x86.Build.0 = Debug|x86
		{015DA6C1-B35B-4E38-A999-A15246B0B25C}.DebugDevTrace|Any CPU.ActiveCfg = Debug|Any CPU
		{015DA6C1-B35B-4E38-A999-A15246B0B25C}.DebugDevTrace|Any CPU.Build.0 = Debug|Any CPU
		{015DA6C1-B35B-4E38-A999-A15246B0B25C}.DebugDevTrace|x64.ActiveCfg = Debug|Any CPU
		{015DA6C1-B35B-4E38-A999-A15246B0B25C}.DebugDevTrace|x64.Build.0 = Debug|Any CPU
		{015DA6C1-B35B-4E38-A999-A15246B0B25C}.DebugDevTrace|x86.ActiveCfg = Debug|x86
		{015DA6C1-B35B-4E38-A999-A15246B0B25C}.DebugDevTrace|x86.Build.0 = Debug|x86
		{015DA6C1-B35B-4E38-A999-A15246B0B25C}.DebugSurface|Any CPU.ActiveCfg = Debug|Any CPU
		{015DA6C1-B35B-4E38-A999-A15246B0B25C}.DebugSurface|Any CPU.Build.0 = Debug|Any CPU
		{015DA6C1-B35B-4E38-A999-A15246B0B25C}.DebugSurface|x64.ActiveCfg = Debug|Any CPU
		{015DA6C1-B35B-4E38-A999-A15246B0B25C}.DebugSurface|x64.Build.0 = Debug|Any CPU
		{015DA6C1-B35B-4E38-A999-A15246B0B25C}.DebugSurface|x86.ActiveCfg = Debug|x86
		{015DA6C1-B35B-4E38-A999-A15246B0B25C}.DebugSurface|x86.Build.0 = Debug|x86
		{015DA6C1-B35B-4E38-A999-A15246B0B25C}.DebugWithoutRebuild|Any CPU.ActiveCfg = Debug|Any CPU
		{015DA6C1-B35B-4E38-A999-A15246B0B25C}.DebugWithoutRebuild|Any CPU.Build.0 = Debug|Any CPU
		{015DA6C1-B35B-4E38-A999-A15246B0B25C}.DebugWithoutRebuild|x64.ActiveCfg = Debug|Any CPU
		{015DA6C1-B35B-4E38-A999-A15246B0B25C}.DebugWithoutRebuild|x64.Build.0 = Debug|Any CPU
		{015DA6C1-B35B-4E38-A999-A15246B0B25C}.DebugWithoutRebuild|x86.ActiveCfg = Debug|x86
		{015DA6C1-B35B-4E38-A999-A15246B0B25C}.DebugWithoutRebuild|x86.Build.0 = Debug|x86
		{015DA6C1-B35B-4E38-A999-A15246B0B25C}.MinimalMsagl|Any CPU.ActiveCfg = Release|Any CPU
		{015DA6C1-B35B-4E38-A999-A15246B0B25C}.MinimalMsagl|Any CPU.Build.0 = Release|Any CPU
		{015DA6C1-B35B-4E38-A999-A15246B0B25C}.MinimalMsagl|x64.ActiveCfg = Release|Any CPU
		{015DA6C1-B35B-4E38-A999-A15246B0B25C}.MinimalMsagl|x64.Build.0 = Release|Any CPU
		{015DA6C1-B35B-4E38-A999-A15246B0B25C}.MinimalMsagl|x86.ActiveCfg = Release|x86
		{015DA6C1-B35B-4E38-A999-A15246B0B25C}.MinimalMsagl|x86.Build.0 = Release|x86
		{015DA6C1-B35B-4E38-A999-A15246B0B25C}.Release|Any CPU.ActiveCfg = Release|Any CPU
		{015DA6C1-B35B-4E38-A999-A15246B0B25C}.Release|Any CPU.Build.0 = Release|Any CPU
		{015DA6C1-B35B-4E38-A999-A15246B0B25C}.Release|x64.ActiveCfg = Release|Any CPU
		{015DA6C1-B35B-4E38-A999-A15246B0B25C}.Release|x64.Build.0 = Release|Any CPU
		{015DA6C1-B35B-4E38-A999-A15246B0B25C}.Release|x86.ActiveCfg = Release|x86
		{015DA6C1-B35B-4E38-A999-A15246B0B25C}.Release|x86.Build.0 = Release|x86
		{015DA6C1-B35B-4E38-A999-A15246B0B25C}.Retail|Any CPU.ActiveCfg = Release|Any CPU
		{015DA6C1-B35B-4E38-A999-A15246B0B25C}.Retail|Any CPU.Build.0 = Release|Any CPU
		{015DA6C1-B35B-4E38-A999-A15246B0B25C}.Retail|x64.ActiveCfg = Release|Any CPU
		{015DA6C1-B35B-4E38-A999-A15246B0B25C}.Retail|x64.Build.0 = Release|Any CPU
		{015DA6C1-B35B-4E38-A999-A15246B0B25C}.Retail|x86.ActiveCfg = Release|x86
		{015DA6C1-B35B-4E38-A999-A15246B0B25C}.Retail|x86.Build.0 = Release|x86
		{015DA6C1-B35B-4E38-A999-A15246B0B25C}.Setup|Any CPU.ActiveCfg = Release|Any CPU
		{015DA6C1-B35B-4E38-A999-A15246B0B25C}.Setup|Any CPU.Build.0 = Release|Any CPU
		{015DA6C1-B35B-4E38-A999-A15246B0B25C}.Setup|x64.ActiveCfg = Release|Any CPU
		{015DA6C1-B35B-4E38-A999-A15246B0B25C}.Setup|x64.Build.0 = Release|Any CPU
		{015DA6C1-B35B-4E38-A999-A15246B0B25C}.Setup|x86.ActiveCfg = Release|x86
		{015DA6C1-B35B-4E38-A999-A15246B0B25C}.Setup|x86.Build.0 = Release|x86
		{015DA6C1-B35B-4E38-A999-A15246B0B25C}.Surface Graph Viewer - Debug|Any CPU.ActiveCfg = Debug|Any CPU
		{015DA6C1-B35B-4E38-A999-A15246B0B25C}.Surface Graph Viewer - Debug|Any CPU.Build.0 = Debug|Any CPU
		{015DA6C1-B35B-4E38-A999-A15246B0B25C}.Surface Graph Viewer - Debug|x64.ActiveCfg = Debug|Any CPU
		{015DA6C1-B35B-4E38-A999-A15246B0B25C}.Surface Graph Viewer - Debug|x64.Build.0 = Debug|Any CPU
		{015DA6C1-B35B-4E38-A999-A15246B0B25C}.Surface Graph Viewer - Debug|x86.ActiveCfg = Debug|x86
		{015DA6C1-B35B-4E38-A999-A15246B0B25C}.Surface Graph Viewer - Debug|x86.Build.0 = Debug|x86
		{015DA6C1-B35B-4E38-A999-A15246B0B25C}.Surface Graph Viewer - Release|Any CPU.ActiveCfg = Release|Any CPU
		{015DA6C1-B35B-4E38-A999-A15246B0B25C}.Surface Graph Viewer - Release|Any CPU.Build.0 = Release|Any CPU
		{015DA6C1-B35B-4E38-A999-A15246B0B25C}.Surface Graph Viewer - Release|x64.ActiveCfg = Release|Any CPU
		{015DA6C1-B35B-4E38-A999-A15246B0B25C}.Surface Graph Viewer - Release|x64.Build.0 = Release|Any CPU
		{015DA6C1-B35B-4E38-A999-A15246B0B25C}.Surface Graph Viewer - Release|x86.ActiveCfg = Release|x86
		{015DA6C1-B35B-4E38-A999-A15246B0B25C}.Surface Graph Viewer - Release|x86.Build.0 = Release|x86
		{946C189D-DA9D-49DC-8A0C-CF4820B26C0D}.CutRelease|Any CPU.ActiveCfg = Release|Any CPU
		{946C189D-DA9D-49DC-8A0C-CF4820B26C0D}.CutRelease|Any CPU.Build.0 = Release|Any CPU
		{946C189D-DA9D-49DC-8A0C-CF4820B26C0D}.CutRelease|x64.ActiveCfg = Release|Any CPU
		{946C189D-DA9D-49DC-8A0C-CF4820B26C0D}.CutRelease|x64.Build.0 = Release|Any CPU
		{946C189D-DA9D-49DC-8A0C-CF4820B26C0D}.CutRelease|x86.ActiveCfg = Release|x86
		{946C189D-DA9D-49DC-8A0C-CF4820B26C0D}.CutRelease|x86.Build.0 = Release|x86
		{946C189D-DA9D-49DC-8A0C-CF4820B26C0D}.Debug Surface Graph Viewer|Any CPU.ActiveCfg = Debug|Any CPU
		{946C189D-DA9D-49DC-8A0C-CF4820B26C0D}.Debug Surface Graph Viewer|Any CPU.Build.0 = Debug|Any CPU
		{946C189D-DA9D-49DC-8A0C-CF4820B26C0D}.Debug Surface Graph Viewer|x64.ActiveCfg = Debug|Any CPU
		{946C189D-DA9D-49DC-8A0C-CF4820B26C0D}.Debug Surface Graph Viewer|x64.Build.0 = Debug|Any CPU
		{946C189D-DA9D-49DC-8A0C-CF4820B26C0D}.Debug Surface Graph Viewer|x86.ActiveCfg = Debug|x86
		{946C189D-DA9D-49DC-8A0C-CF4820B26C0D}.Debug Surface Graph Viewer|x86.Build.0 = Debug|x86
		{946C189D-DA9D-49DC-8A0C-CF4820B26C0D}.Debug|Any CPU.ActiveCfg = Debug|Any CPU
		{946C189D-DA9D-49DC-8A0C-CF4820B26C0D}.Debug|Any CPU.Build.0 = Debug|Any CPU
		{946C189D-DA9D-49DC-8A0C-CF4820B26C0D}.Debug|x64.ActiveCfg = Debug|Any CPU
		{946C189D-DA9D-49DC-8A0C-CF4820B26C0D}.Debug|x64.Build.0 = Debug|Any CPU
		{946C189D-DA9D-49DC-8A0C-CF4820B26C0D}.Debug|x86.ActiveCfg = Debug|x86
		{946C189D-DA9D-49DC-8A0C-CF4820B26C0D}.Debug|x86.Build.0 = Debug|x86
		{946C189D-DA9D-49DC-8A0C-CF4820B26C0D}.DebugDevTrace|Any CPU.ActiveCfg = Debug|Any CPU
		{946C189D-DA9D-49DC-8A0C-CF4820B26C0D}.DebugDevTrace|Any CPU.Build.0 = Debug|Any CPU
		{946C189D-DA9D-49DC-8A0C-CF4820B26C0D}.DebugDevTrace|x64.ActiveCfg = Debug|Any CPU
		{946C189D-DA9D-49DC-8A0C-CF4820B26C0D}.DebugDevTrace|x64.Build.0 = Debug|Any CPU
		{946C189D-DA9D-49DC-8A0C-CF4820B26C0D}.DebugDevTrace|x86.ActiveCfg = Debug|x86
		{946C189D-DA9D-49DC-8A0C-CF4820B26C0D}.DebugDevTrace|x86.Build.0 = Debug|x86
		{946C189D-DA9D-49DC-8A0C-CF4820B26C0D}.DebugSurface|Any CPU.ActiveCfg = Debug|Any CPU
		{946C189D-DA9D-49DC-8A0C-CF4820B26C0D}.DebugSurface|Any CPU.Build.0 = Debug|Any CPU
		{946C189D-DA9D-49DC-8A0C-CF4820B26C0D}.DebugSurface|x64.ActiveCfg = Debug|Any CPU
		{946C189D-DA9D-49DC-8A0C-CF4820B26C0D}.DebugSurface|x64.Build.0 = Debug|Any CPU
		{946C189D-DA9D-49DC-8A0C-CF4820B26C0D}.DebugSurface|x86.ActiveCfg = Debug|x86
		{946C189D-DA9D-49DC-8A0C-CF4820B26C0D}.DebugSurface|x86.Build.0 = Debug|x86
		{946C189D-DA9D-49DC-8A0C-CF4820B26C0D}.DebugWithoutRebuild|Any CPU.ActiveCfg = Debug|Any CPU
		{946C189D-DA9D-49DC-8A0C-CF4820B26C0D}.DebugWithoutRebuild|Any CPU.Build.0 = Debug|Any CPU
		{946C189D-DA9D-49DC-8A0C-CF4820B26C0D}.DebugWithoutRebuild|x64.ActiveCfg = Debug|Any CPU
		{946C189D-DA9D-49DC-8A0C-CF4820B26C0D}.DebugWithoutRebuild|x64.Build.0 = Debug|Any CPU
		{946C189D-DA9D-49DC-8A0C-CF4820B26C0D}.DebugWithoutRebuild|x86.ActiveCfg = Debug|x86
		{946C189D-DA9D-49DC-8A0C-CF4820B26C0D}.DebugWithoutRebuild|x86.Build.0 = Debug|x86
		{946C189D-DA9D-49DC-8A0C-CF4820B26C0D}.MinimalMsagl|Any CPU.ActiveCfg = Release|Any CPU
		{946C189D-DA9D-49DC-8A0C-CF4820B26C0D}.MinimalMsagl|Any CPU.Build.0 = Release|Any CPU
		{946C189D-DA9D-49DC-8A0C-CF4820B26C0D}.MinimalMsagl|x64.ActiveCfg = Release|Any CPU
		{946C189D-DA9D-49DC-8A0C-CF4820B26C0D}.MinimalMsagl|x64.Build.0 = Release|Any CPU
		{946C189D-DA9D-49DC-8A0C-CF4820B26C0D}.MinimalMsagl|x86.ActiveCfg = Release|x86
		{946C189D-DA9D-49DC-8A0C-CF4820B26C0D}.MinimalMsagl|x86.Build.0 = Release|x86
		{946C189D-DA9D-49DC-8A0C-CF4820B26C0D}.Release|Any CPU.ActiveCfg = Release|Any CPU
		{946C189D-DA9D-49DC-8A0C-CF4820B26C0D}.Release|Any CPU.Build.0 = Release|Any CPU
		{946C189D-DA9D-49DC-8A0C-CF4820B26C0D}.Release|x64.ActiveCfg = Release|Any CPU
		{946C189D-DA9D-49DC-8A0C-CF4820B26C0D}.Release|x64.Build.0 = Release|Any CPU
		{946C189D-DA9D-49DC-8A0C-CF4820B26C0D}.Release|x86.ActiveCfg = Release|x86
		{946C189D-DA9D-49DC-8A0C-CF4820B26C0D}.Release|x86.Build.0 = Release|x86
		{946C189D-DA9D-49DC-8A0C-CF4820B26C0D}.Retail|Any CPU.ActiveCfg = Release|Any CPU
		{946C189D-DA9D-49DC-8A0C-CF4820B26C0D}.Retail|Any CPU.Build.0 = Release|Any CPU
		{946C189D-DA9D-49DC-8A0C-CF4820B26C0D}.Retail|x64.ActiveCfg = Release|Any CPU
		{946C189D-DA9D-49DC-8A0C-CF4820B26C0D}.Retail|x64.Build.0 = Release|Any CPU
		{946C189D-DA9D-49DC-8A0C-CF4820B26C0D}.Retail|x86.ActiveCfg = Release|x86
		{946C189D-DA9D-49DC-8A0C-CF4820B26C0D}.Retail|x86.Build.0 = Release|x86
		{946C189D-DA9D-49DC-8A0C-CF4820B26C0D}.Setup|Any CPU.ActiveCfg = Release|Any CPU
		{946C189D-DA9D-49DC-8A0C-CF4820B26C0D}.Setup|Any CPU.Build.0 = Release|Any CPU
		{946C189D-DA9D-49DC-8A0C-CF4820B26C0D}.Setup|x64.ActiveCfg = Release|Any CPU
		{946C189D-DA9D-49DC-8A0C-CF4820B26C0D}.Setup|x64.Build.0 = Release|Any CPU
		{946C189D-DA9D-49DC-8A0C-CF4820B26C0D}.Setup|x86.ActiveCfg = Release|x86
		{946C189D-DA9D-49DC-8A0C-CF4820B26C0D}.Setup|x86.Build.0 = Release|x86
		{946C189D-DA9D-49DC-8A0C-CF4820B26C0D}.Surface Graph Viewer - Debug|Any CPU.ActiveCfg = Debug|Any CPU
		{946C189D-DA9D-49DC-8A0C-CF4820B26C0D}.Surface Graph Viewer - Debug|Any CPU.Build.0 = Debug|Any CPU
		{946C189D-DA9D-49DC-8A0C-CF4820B26C0D}.Surface Graph Viewer - Debug|x64.ActiveCfg = Debug|Any CPU
		{946C189D-DA9D-49DC-8A0C-CF4820B26C0D}.Surface Graph Viewer - Debug|x64.Build.0 = Debug|Any CPU
		{946C189D-DA9D-49DC-8A0C-CF4820B26C0D}.Surface Graph Viewer - Debug|x86.ActiveCfg = Debug|x86
		{946C189D-DA9D-49DC-8A0C-CF4820B26C0D}.Surface Graph Viewer - Debug|x86.Build.0 = Debug|x86
		{946C189D-DA9D-49DC-8A0C-CF4820B26C0D}.Surface Graph Viewer - Release|Any CPU.ActiveCfg = Release|Any CPU
		{946C189D-DA9D-49DC-8A0C-CF4820B26C0D}.Surface Graph Viewer - Release|Any CPU.Build.0 = Release|Any CPU
		{946C189D-DA9D-49DC-8A0C-CF4820B26C0D}.Surface Graph Viewer - Release|x64.ActiveCfg = Release|Any CPU
		{946C189D-DA9D-49DC-8A0C-CF4820B26C0D}.Surface Graph Viewer - Release|x64.Build.0 = Release|Any CPU
		{946C189D-DA9D-49DC-8A0C-CF4820B26C0D}.Surface Graph Viewer - Release|x86.ActiveCfg = Release|x86
		{946C189D-DA9D-49DC-8A0C-CF4820B26C0D}.Surface Graph Viewer - Release|x86.Build.0 = Release|x86
		{CE27C579-0842-46A2-8ABA-D21908AC00B6}.CutRelease|Any CPU.ActiveCfg = Release|Any CPU
		{CE27C579-0842-46A2-8ABA-D21908AC00B6}.CutRelease|Any CPU.Build.0 = Release|Any CPU
		{CE27C579-0842-46A2-8ABA-D21908AC00B6}.CutRelease|x64.ActiveCfg = Release|Any CPU
		{CE27C579-0842-46A2-8ABA-D21908AC00B6}.CutRelease|x64.Build.0 = Release|Any CPU
		{CE27C579-0842-46A2-8ABA-D21908AC00B6}.CutRelease|x86.ActiveCfg = Release|Any CPU
		{CE27C579-0842-46A2-8ABA-D21908AC00B6}.CutRelease|x86.Build.0 = Release|Any CPU
		{CE27C579-0842-46A2-8ABA-D21908AC00B6}.Debug Surface Graph Viewer|Any CPU.ActiveCfg = Debug|Any CPU
		{CE27C579-0842-46A2-8ABA-D21908AC00B6}.Debug Surface Graph Viewer|Any CPU.Build.0 = Debug|Any CPU
		{CE27C579-0842-46A2-8ABA-D21908AC00B6}.Debug Surface Graph Viewer|x64.ActiveCfg = Debug|Any CPU
		{CE27C579-0842-46A2-8ABA-D21908AC00B6}.Debug Surface Graph Viewer|x64.Build.0 = Debug|Any CPU
		{CE27C579-0842-46A2-8ABA-D21908AC00B6}.Debug Surface Graph Viewer|x86.ActiveCfg = Debug|Any CPU
		{CE27C579-0842-46A2-8ABA-D21908AC00B6}.Debug Surface Graph Viewer|x86.Build.0 = Debug|Any CPU
		{CE27C579-0842-46A2-8ABA-D21908AC00B6}.Debug|Any CPU.ActiveCfg = Debug|Any CPU
		{CE27C579-0842-46A2-8ABA-D21908AC00B6}.Debug|Any CPU.Build.0 = Debug|Any CPU
		{CE27C579-0842-46A2-8ABA-D21908AC00B6}.Debug|x64.ActiveCfg = Debug|Any CPU
		{CE27C579-0842-46A2-8ABA-D21908AC00B6}.Debug|x64.Build.0 = Debug|Any CPU
		{CE27C579-0842-46A2-8ABA-D21908AC00B6}.Debug|x86.ActiveCfg = Debug|Any CPU
		{CE27C579-0842-46A2-8ABA-D21908AC00B6}.Debug|x86.Build.0 = Debug|Any CPU
		{CE27C579-0842-46A2-8ABA-D21908AC00B6}.DebugDevTrace|Any CPU.ActiveCfg = Debug|Any CPU
		{CE27C579-0842-46A2-8ABA-D21908AC00B6}.DebugDevTrace|Any CPU.Build.0 = Debug|Any CPU
		{CE27C579-0842-46A2-8ABA-D21908AC00B6}.DebugDevTrace|x64.ActiveCfg = Debug|Any CPU
		{CE27C579-0842-46A2-8ABA-D21908AC00B6}.DebugDevTrace|x64.Build.0 = Debug|Any CPU
		{CE27C579-0842-46A2-8ABA-D21908AC00B6}.DebugDevTrace|x86.ActiveCfg = Debug|Any CPU
		{CE27C579-0842-46A2-8ABA-D21908AC00B6}.DebugDevTrace|x86.Build.0 = Debug|Any CPU
		{CE27C579-0842-46A2-8ABA-D21908AC00B6}.DebugSurface|Any CPU.ActiveCfg = Debug|Any CPU
		{CE27C579-0842-46A2-8ABA-D21908AC00B6}.DebugSurface|Any CPU.Build.0 = Debug|Any CPU
		{CE27C579-0842-46A2-8ABA-D21908AC00B6}.DebugSurface|x64.ActiveCfg = Debug|Any CPU
		{CE27C579-0842-46A2-8ABA-D21908AC00B6}.DebugSurface|x64.Build.0 = Debug|Any CPU
		{CE27C579-0842-46A2-8ABA-D21908AC00B6}.DebugSurface|x86.ActiveCfg = Debug|Any CPU
		{CE27C579-0842-46A2-8ABA-D21908AC00B6}.DebugSurface|x86.Build.0 = Debug|Any CPU
		{CE27C579-0842-46A2-8ABA-D21908AC00B6}.DebugWithoutRebuild|Any CPU.ActiveCfg = Debug|Any CPU
		{CE27C579-0842-46A2-8ABA-D21908AC00B6}.DebugWithoutRebuild|Any CPU.Build.0 = Debug|Any CPU
		{CE27C579-0842-46A2-8ABA-D21908AC00B6}.DebugWithoutRebuild|x64.ActiveCfg = Debug|Any CPU
		{CE27C579-0842-46A2-8ABA-D21908AC00B6}.DebugWithoutRebuild|x64.Build.0 = Debug|Any CPU
		{CE27C579-0842-46A2-8ABA-D21908AC00B6}.DebugWithoutRebuild|x86.ActiveCfg = Debug|Any CPU
		{CE27C579-0842-46A2-8ABA-D21908AC00B6}.DebugWithoutRebuild|x86.Build.0 = Debug|Any CPU
		{CE27C579-0842-46A2-8ABA-D21908AC00B6}.MinimalMsagl|Any CPU.ActiveCfg = Release|Any CPU
		{CE27C579-0842-46A2-8ABA-D21908AC00B6}.MinimalMsagl|Any CPU.Build.0 = Release|Any CPU
		{CE27C579-0842-46A2-8ABA-D21908AC00B6}.MinimalMsagl|x64.ActiveCfg = Release|Any CPU
		{CE27C579-0842-46A2-8ABA-D21908AC00B6}.MinimalMsagl|x64.Build.0 = Release|Any CPU
		{CE27C579-0842-46A2-8ABA-D21908AC00B6}.MinimalMsagl|x86.ActiveCfg = Debug|Any CPU
		{CE27C579-0842-46A2-8ABA-D21908AC00B6}.MinimalMsagl|x86.Build.0 = Debug|Any CPU
		{CE27C579-0842-46A2-8ABA-D21908AC00B6}.Release|Any CPU.ActiveCfg = Release|Any CPU
		{CE27C579-0842-46A2-8ABA-D21908AC00B6}.Release|Any CPU.Build.0 = Release|Any CPU
		{CE27C579-0842-46A2-8ABA-D21908AC00B6}.Release|x64.ActiveCfg = Release|Any CPU
		{CE27C579-0842-46A2-8ABA-D21908AC00B6}.Release|x64.Build.0 = Release|Any CPU
		{CE27C579-0842-46A2-8ABA-D21908AC00B6}.Release|x86.ActiveCfg = Release|Any CPU
		{CE27C579-0842-46A2-8ABA-D21908AC00B6}.Release|x86.Build.0 = Release|Any CPU
		{CE27C579-0842-46A2-8ABA-D21908AC00B6}.Retail|Any CPU.ActiveCfg = Release|Any CPU
		{CE27C579-0842-46A2-8ABA-D21908AC00B6}.Retail|Any CPU.Build.0 = Release|Any CPU
		{CE27C579-0842-46A2-8ABA-D21908AC00B6}.Retail|x64.ActiveCfg = Release|Any CPU
		{CE27C579-0842-46A2-8ABA-D21908AC00B6}.Retail|x64.Build.0 = Release|Any CPU
		{CE27C579-0842-46A2-8ABA-D21908AC00B6}.Retail|x86.ActiveCfg = Release|Any CPU
		{CE27C579-0842-46A2-8ABA-D21908AC00B6}.Retail|x86.Build.0 = Release|Any CPU
		{CE27C579-0842-46A2-8ABA-D21908AC00B6}.Setup|Any CPU.ActiveCfg = Release|Any CPU
		{CE27C579-0842-46A2-8ABA-D21908AC00B6}.Setup|Any CPU.Build.0 = Release|Any CPU
		{CE27C579-0842-46A2-8ABA-D21908AC00B6}.Setup|x64.ActiveCfg = Release|Any CPU
		{CE27C579-0842-46A2-8ABA-D21908AC00B6}.Setup|x64.Build.0 = Release|Any CPU
		{CE27C579-0842-46A2-8ABA-D21908AC00B6}.Setup|x86.ActiveCfg = Debug|Any CPU
		{CE27C579-0842-46A2-8ABA-D21908AC00B6}.Setup|x86.Build.0 = Debug|Any CPU
		{CE27C579-0842-46A2-8ABA-D21908AC00B6}.Surface Graph Viewer - Debug|Any CPU.ActiveCfg = Debug|Any CPU
		{CE27C579-0842-46A2-8ABA-D21908AC00B6}.Surface Graph Viewer - Debug|Any CPU.Build.0 = Debug|Any CPU
		{CE27C579-0842-46A2-8ABA-D21908AC00B6}.Surface Graph Viewer - Debug|x64.ActiveCfg = Debug|Any CPU
		{CE27C579-0842-46A2-8ABA-D21908AC00B6}.Surface Graph Viewer - Debug|x64.Build.0 = Debug|Any CPU
		{CE27C579-0842-46A2-8ABA-D21908AC00B6}.Surface Graph Viewer - Debug|x86.ActiveCfg = Debug|Any CPU
		{CE27C579-0842-46A2-8ABA-D21908AC00B6}.Surface Graph Viewer - Debug|x86.Build.0 = Debug|Any CPU
		{CE27C579-0842-46A2-8ABA-D21908AC00B6}.Surface Graph Viewer - Release|Any CPU.ActiveCfg = Release|Any CPU
		{CE27C579-0842-46A2-8ABA-D21908AC00B6}.Surface Graph Viewer - Release|Any CPU.Build.0 = Release|Any CPU
		{CE27C579-0842-46A2-8ABA-D21908AC00B6}.Surface Graph Viewer - Release|x64.ActiveCfg = Release|Any CPU
		{CE27C579-0842-46A2-8ABA-D21908AC00B6}.Surface Graph Viewer - Release|x64.Build.0 = Release|Any CPU
		{CE27C579-0842-46A2-8ABA-D21908AC00B6}.Surface Graph Viewer - Release|x86.ActiveCfg = Release|Any CPU
		{CE27C579-0842-46A2-8ABA-D21908AC00B6}.Surface Graph Viewer - Release|x86.Build.0 = Release|Any CPU
		{31A46AC6-6D52-4E1E-AA6A-A28DE282844A}.CutRelease|Any CPU.ActiveCfg = Release|Any CPU
		{31A46AC6-6D52-4E1E-AA6A-A28DE282844A}.CutRelease|Any CPU.Build.0 = Release|Any CPU
		{31A46AC6-6D52-4E1E-AA6A-A28DE282844A}.CutRelease|x64.ActiveCfg = Release|Any CPU
		{31A46AC6-6D52-4E1E-AA6A-A28DE282844A}.CutRelease|x64.Build.0 = Release|Any CPU
		{31A46AC6-6D52-4E1E-AA6A-A28DE282844A}.CutRelease|x86.ActiveCfg = Release|x86
		{31A46AC6-6D52-4E1E-AA6A-A28DE282844A}.CutRelease|x86.Build.0 = Release|x86
		{31A46AC6-6D52-4E1E-AA6A-A28DE282844A}.Debug Surface Graph Viewer|Any CPU.ActiveCfg = Debug|Any CPU
		{31A46AC6-6D52-4E1E-AA6A-A28DE282844A}.Debug Surface Graph Viewer|Any CPU.Build.0 = Debug|Any CPU
		{31A46AC6-6D52-4E1E-AA6A-A28DE282844A}.Debug Surface Graph Viewer|x64.ActiveCfg = Debug|Any CPU
		{31A46AC6-6D52-4E1E-AA6A-A28DE282844A}.Debug Surface Graph Viewer|x64.Build.0 = Debug|Any CPU
		{31A46AC6-6D52-4E1E-AA6A-A28DE282844A}.Debug Surface Graph Viewer|x86.ActiveCfg = Debug|x86
		{31A46AC6-6D52-4E1E-AA6A-A28DE282844A}.Debug Surface Graph Viewer|x86.Build.0 = Debug|x86
		{31A46AC6-6D52-4E1E-AA6A-A28DE282844A}.Debug|Any CPU.ActiveCfg = Debug|Any CPU
		{31A46AC6-6D52-4E1E-AA6A-A28DE282844A}.Debug|Any CPU.Build.0 = Debug|Any CPU
		{31A46AC6-6D52-4E1E-AA6A-A28DE282844A}.Debug|x64.ActiveCfg = Debug|Any CPU
		{31A46AC6-6D52-4E1E-AA6A-A28DE282844A}.Debug|x64.Build.0 = Debug|Any CPU
		{31A46AC6-6D52-4E1E-AA6A-A28DE282844A}.Debug|x86.ActiveCfg = Debug|x86
		{31A46AC6-6D52-4E1E-AA6A-A28DE282844A}.Debug|x86.Build.0 = Debug|x86
		{31A46AC6-6D52-4E1E-AA6A-A28DE282844A}.DebugDevTrace|Any CPU.ActiveCfg = Debug|Any CPU
		{31A46AC6-6D52-4E1E-AA6A-A28DE282844A}.DebugDevTrace|Any CPU.Build.0 = Debug|Any CPU
		{31A46AC6-6D52-4E1E-AA6A-A28DE282844A}.DebugDevTrace|x64.ActiveCfg = Debug|Any CPU
		{31A46AC6-6D52-4E1E-AA6A-A28DE282844A}.DebugDevTrace|x64.Build.0 = Debug|Any CPU
		{31A46AC6-6D52-4E1E-AA6A-A28DE282844A}.DebugDevTrace|x86.ActiveCfg = Debug|x86
		{31A46AC6-6D52-4E1E-AA6A-A28DE282844A}.DebugDevTrace|x86.Build.0 = Debug|x86
		{31A46AC6-6D52-4E1E-AA6A-A28DE282844A}.DebugSurface|Any CPU.ActiveCfg = Debug|Any CPU
		{31A46AC6-6D52-4E1E-AA6A-A28DE282844A}.DebugSurface|Any CPU.Build.0 = Debug|Any CPU
		{31A46AC6-6D52-4E1E-AA6A-A28DE282844A}.DebugSurface|x64.ActiveCfg = Debug|Any CPU
		{31A46AC6-6D52-4E1E-AA6A-A28DE282844A}.DebugSurface|x64.Build.0 = Debug|Any CPU
		{31A46AC6-6D52-4E1E-AA6A-A28DE282844A}.DebugSurface|x86.ActiveCfg = Debug|x86
		{31A46AC6-6D52-4E1E-AA6A-A28DE282844A}.DebugSurface|x86.Build.0 = Debug|x86
		{31A46AC6-6D52-4E1E-AA6A-A28DE282844A}.DebugWithoutRebuild|Any CPU.ActiveCfg = Debug|Any CPU
		{31A46AC6-6D52-4E1E-AA6A-A28DE282844A}.DebugWithoutRebuild|Any CPU.Build.0 = Debug|Any CPU
		{31A46AC6-6D52-4E1E-AA6A-A28DE282844A}.DebugWithoutRebuild|x64.ActiveCfg = Debug|Any CPU
		{31A46AC6-6D52-4E1E-AA6A-A28DE282844A}.DebugWithoutRebuild|x64.Build.0 = Debug|Any CPU
		{31A46AC6-6D52-4E1E-AA6A-A28DE282844A}.DebugWithoutRebuild|x86.ActiveCfg = Debug|x86
		{31A46AC6-6D52-4E1E-AA6A-A28DE282844A}.DebugWithoutRebuild|x86.Build.0 = Debug|x86
		{31A46AC6-6D52-4E1E-AA6A-A28DE282844A}.MinimalMsagl|Any CPU.ActiveCfg = Release|Any CPU
		{31A46AC6-6D52-4E1E-AA6A-A28DE282844A}.MinimalMsagl|Any CPU.Build.0 = Release|Any CPU
		{31A46AC6-6D52-4E1E-AA6A-A28DE282844A}.MinimalMsagl|x64.ActiveCfg = Release|Any CPU
		{31A46AC6-6D52-4E1E-AA6A-A28DE282844A}.MinimalMsagl|x64.Build.0 = Release|Any CPU
		{31A46AC6-6D52-4E1E-AA6A-A28DE282844A}.MinimalMsagl|x86.ActiveCfg = Release|x86
		{31A46AC6-6D52-4E1E-AA6A-A28DE282844A}.MinimalMsagl|x86.Build.0 = Release|x86
		{31A46AC6-6D52-4E1E-AA6A-A28DE282844A}.Release|Any CPU.ActiveCfg = Release|Any CPU
		{31A46AC6-6D52-4E1E-AA6A-A28DE282844A}.Release|Any CPU.Build.0 = Release|Any CPU
		{31A46AC6-6D52-4E1E-AA6A-A28DE282844A}.Release|x64.ActiveCfg = Release|Any CPU
		{31A46AC6-6D52-4E1E-AA6A-A28DE282844A}.Release|x64.Build.0 = Release|Any CPU
		{31A46AC6-6D52-4E1E-AA6A-A28DE282844A}.Release|x86.ActiveCfg = Release|x86
		{31A46AC6-6D52-4E1E-AA6A-A28DE282844A}.Release|x86.Build.0 = Release|x86
		{31A46AC6-6D52-4E1E-AA6A-A28DE282844A}.Retail|Any CPU.ActiveCfg = Release|Any CPU
		{31A46AC6-6D52-4E1E-AA6A-A28DE282844A}.Retail|Any CPU.Build.0 = Release|Any CPU
		{31A46AC6-6D52-4E1E-AA6A-A28DE282844A}.Retail|x64.ActiveCfg = Release|Any CPU
		{31A46AC6-6D52-4E1E-AA6A-A28DE282844A}.Retail|x64.Build.0 = Release|Any CPU
		{31A46AC6-6D52-4E1E-AA6A-A28DE282844A}.Retail|x86.ActiveCfg = Release|x86
		{31A46AC6-6D52-4E1E-AA6A-A28DE282844A}.Retail|x86.Build.0 = Release|x86
		{31A46AC6-6D52-4E1E-AA6A-A28DE282844A}.Setup|Any CPU.ActiveCfg = Release|Any CPU
		{31A46AC6-6D52-4E1E-AA6A-A28DE282844A}.Setup|Any CPU.Build.0 = Release|Any CPU
		{31A46AC6-6D52-4E1E-AA6A-A28DE282844A}.Setup|x64.ActiveCfg = Release|Any CPU
		{31A46AC6-6D52-4E1E-AA6A-A28DE282844A}.Setup|x64.Build.0 = Release|Any CPU
		{31A46AC6-6D52-4E1E-AA6A-A28DE282844A}.Setup|x86.ActiveCfg = Release|x86
		{31A46AC6-6D52-4E1E-AA6A-A28DE282844A}.Setup|x86.Build.0 = Release|x86
		{31A46AC6-6D52-4E1E-AA6A-A28DE282844A}.Surface Graph Viewer - Debug|Any CPU.ActiveCfg = Debug|Any CPU
		{31A46AC6-6D52-4E1E-AA6A-A28DE282844A}.Surface Graph Viewer - Debug|Any CPU.Build.0 = Debug|Any CPU
		{31A46AC6-6D52-4E1E-AA6A-A28DE282844A}.Surface Graph Viewer - Debug|x64.ActiveCfg = Debug|Any CPU
		{31A46AC6-6D52-4E1E-AA6A-A28DE282844A}.Surface Graph Viewer - Debug|x64.Build.0 = Debug|Any CPU
		{31A46AC6-6D52-4E1E-AA6A-A28DE282844A}.Surface Graph Viewer - Debug|x86.ActiveCfg = Debug|x86
		{31A46AC6-6D52-4E1E-AA6A-A28DE282844A}.Surface Graph Viewer - Debug|x86.Build.0 = Debug|x86
		{31A46AC6-6D52-4E1E-AA6A-A28DE282844A}.Surface Graph Viewer - Release|Any CPU.ActiveCfg = Release|Any CPU
		{31A46AC6-6D52-4E1E-AA6A-A28DE282844A}.Surface Graph Viewer - Release|Any CPU.Build.0 = Release|Any CPU
		{31A46AC6-6D52-4E1E-AA6A-A28DE282844A}.Surface Graph Viewer - Release|x64.ActiveCfg = Release|Any CPU
		{31A46AC6-6D52-4E1E-AA6A-A28DE282844A}.Surface Graph Viewer - Release|x64.Build.0 = Release|Any CPU
		{31A46AC6-6D52-4E1E-AA6A-A28DE282844A}.Surface Graph Viewer - Release|x86.ActiveCfg = Release|x86
		{31A46AC6-6D52-4E1E-AA6A-A28DE282844A}.Surface Graph Viewer - Release|x86.Build.0 = Release|x86
		{EAA5EA88-4554-4D91-BF49-8A3043E3C9A8}.CutRelease|Any CPU.ActiveCfg = Release
		{EAA5EA88-4554-4D91-BF49-8A3043E3C9A8}.CutRelease|Any CPU.Build.0 = Release
		{EAA5EA88-4554-4D91-BF49-8A3043E3C9A8}.CutRelease|x64.ActiveCfg = Release
		{EAA5EA88-4554-4D91-BF49-8A3043E3C9A8}.CutRelease|x64.Build.0 = Release
		{EAA5EA88-4554-4D91-BF49-8A3043E3C9A8}.CutRelease|x86.ActiveCfg = Release
		{EAA5EA88-4554-4D91-BF49-8A3043E3C9A8}.CutRelease|x86.Build.0 = Release
		{EAA5EA88-4554-4D91-BF49-8A3043E3C9A8}.Debug Surface Graph Viewer|Any CPU.ActiveCfg = Debug
		{EAA5EA88-4554-4D91-BF49-8A3043E3C9A8}.Debug Surface Graph Viewer|Any CPU.Build.0 = Debug
		{EAA5EA88-4554-4D91-BF49-8A3043E3C9A8}.Debug Surface Graph Viewer|x64.ActiveCfg = Debug
		{EAA5EA88-4554-4D91-BF49-8A3043E3C9A8}.Debug Surface Graph Viewer|x64.Build.0 = Debug
		{EAA5EA88-4554-4D91-BF49-8A3043E3C9A8}.Debug Surface Graph Viewer|x86.ActiveCfg = Debug
		{EAA5EA88-4554-4D91-BF49-8A3043E3C9A8}.Debug Surface Graph Viewer|x86.Build.0 = Debug
		{EAA5EA88-4554-4D91-BF49-8A3043E3C9A8}.Debug|Any CPU.ActiveCfg = Debug
		{EAA5EA88-4554-4D91-BF49-8A3043E3C9A8}.Debug|x64.ActiveCfg = Debug
		{EAA5EA88-4554-4D91-BF49-8A3043E3C9A8}.Debug|x64.Build.0 = Debug
		{EAA5EA88-4554-4D91-BF49-8A3043E3C9A8}.Debug|x86.ActiveCfg = Debug
		{EAA5EA88-4554-4D91-BF49-8A3043E3C9A8}.Debug|x86.Build.0 = Debug
		{EAA5EA88-4554-4D91-BF49-8A3043E3C9A8}.DebugDevTrace|Any CPU.ActiveCfg = Debug
		{EAA5EA88-4554-4D91-BF49-8A3043E3C9A8}.DebugDevTrace|Any CPU.Build.0 = Debug
		{EAA5EA88-4554-4D91-BF49-8A3043E3C9A8}.DebugDevTrace|x64.ActiveCfg = Debug
		{EAA5EA88-4554-4D91-BF49-8A3043E3C9A8}.DebugDevTrace|x64.Build.0 = Debug
		{EAA5EA88-4554-4D91-BF49-8A3043E3C9A8}.DebugDevTrace|x86.ActiveCfg = Debug
		{EAA5EA88-4554-4D91-BF49-8A3043E3C9A8}.DebugDevTrace|x86.Build.0 = Debug
		{EAA5EA88-4554-4D91-BF49-8A3043E3C9A8}.DebugSurface|Any CPU.ActiveCfg = Debug
		{EAA5EA88-4554-4D91-BF49-8A3043E3C9A8}.DebugSurface|Any CPU.Build.0 = Debug
		{EAA5EA88-4554-4D91-BF49-8A3043E3C9A8}.DebugSurface|x64.ActiveCfg = Debug
		{EAA5EA88-4554-4D91-BF49-8A3043E3C9A8}.DebugSurface|x64.Build.0 = Debug
		{EAA5EA88-4554-4D91-BF49-8A3043E3C9A8}.DebugSurface|x86.ActiveCfg = Debug
		{EAA5EA88-4554-4D91-BF49-8A3043E3C9A8}.DebugSurface|x86.Build.0 = Debug
		{EAA5EA88-4554-4D91-BF49-8A3043E3C9A8}.DebugWithoutRebuild|Any CPU.ActiveCfg = Debug
		{EAA5EA88-4554-4D91-BF49-8A3043E3C9A8}.DebugWithoutRebuild|Any CPU.Build.0 = Debug
		{EAA5EA88-4554-4D91-BF49-8A3043E3C9A8}.DebugWithoutRebuild|x64.ActiveCfg = Debug
		{EAA5EA88-4554-4D91-BF49-8A3043E3C9A8}.DebugWithoutRebuild|x64.Build.0 = Debug
		{EAA5EA88-4554-4D91-BF49-8A3043E3C9A8}.DebugWithoutRebuild|x86.ActiveCfg = Debug
		{EAA5EA88-4554-4D91-BF49-8A3043E3C9A8}.DebugWithoutRebuild|x86.Build.0 = Debug
		{EAA5EA88-4554-4D91-BF49-8A3043E3C9A8}.MinimalMsagl|Any CPU.ActiveCfg = Release
		{EAA5EA88-4554-4D91-BF49-8A3043E3C9A8}.MinimalMsagl|Any CPU.Build.0 = Release
		{EAA5EA88-4554-4D91-BF49-8A3043E3C9A8}.MinimalMsagl|x64.ActiveCfg = Release
		{EAA5EA88-4554-4D91-BF49-8A3043E3C9A8}.MinimalMsagl|x64.Build.0 = Release
		{EAA5EA88-4554-4D91-BF49-8A3043E3C9A8}.MinimalMsagl|x86.ActiveCfg = Release
		{EAA5EA88-4554-4D91-BF49-8A3043E3C9A8}.MinimalMsagl|x86.Build.0 = Release
		{EAA5EA88-4554-4D91-BF49-8A3043E3C9A8}.Release|Any CPU.ActiveCfg = Release
		{EAA5EA88-4554-4D91-BF49-8A3043E3C9A8}.Release|Any CPU.Build.0 = Release
		{EAA5EA88-4554-4D91-BF49-8A3043E3C9A8}.Release|x64.ActiveCfg = Release
		{EAA5EA88-4554-4D91-BF49-8A3043E3C9A8}.Release|x64.Build.0 = Release
		{EAA5EA88-4554-4D91-BF49-8A3043E3C9A8}.Release|x86.ActiveCfg = Release
		{EAA5EA88-4554-4D91-BF49-8A3043E3C9A8}.Release|x86.Build.0 = Release
		{EAA5EA88-4554-4D91-BF49-8A3043E3C9A8}.Retail|Any CPU.ActiveCfg = Release
		{EAA5EA88-4554-4D91-BF49-8A3043E3C9A8}.Retail|Any CPU.Build.0 = Release
		{EAA5EA88-4554-4D91-BF49-8A3043E3C9A8}.Retail|x64.ActiveCfg = Release
		{EAA5EA88-4554-4D91-BF49-8A3043E3C9A8}.Retail|x64.Build.0 = Release
		{EAA5EA88-4554-4D91-BF49-8A3043E3C9A8}.Retail|x86.ActiveCfg = Release
		{EAA5EA88-4554-4D91-BF49-8A3043E3C9A8}.Retail|x86.Build.0 = Release
		{EAA5EA88-4554-4D91-BF49-8A3043E3C9A8}.Setup|Any CPU.ActiveCfg = Release
		{EAA5EA88-4554-4D91-BF49-8A3043E3C9A8}.Setup|Any CPU.Build.0 = Release
		{EAA5EA88-4554-4D91-BF49-8A3043E3C9A8}.Setup|x64.ActiveCfg = Release
		{EAA5EA88-4554-4D91-BF49-8A3043E3C9A8}.Setup|x64.Build.0 = Release
		{EAA5EA88-4554-4D91-BF49-8A3043E3C9A8}.Setup|x86.ActiveCfg = Release
		{EAA5EA88-4554-4D91-BF49-8A3043E3C9A8}.Setup|x86.Build.0 = Release
		{EAA5EA88-4554-4D91-BF49-8A3043E3C9A8}.Surface Graph Viewer - Debug|Any CPU.ActiveCfg = Debug
		{EAA5EA88-4554-4D91-BF49-8A3043E3C9A8}.Surface Graph Viewer - Debug|Any CPU.Build.0 = Debug
		{EAA5EA88-4554-4D91-BF49-8A3043E3C9A8}.Surface Graph Viewer - Debug|x64.ActiveCfg = Debug
		{EAA5EA88-4554-4D91-BF49-8A3043E3C9A8}.Surface Graph Viewer - Debug|x64.Build.0 = Debug
		{EAA5EA88-4554-4D91-BF49-8A3043E3C9A8}.Surface Graph Viewer - Debug|x86.ActiveCfg = Debug
		{EAA5EA88-4554-4D91-BF49-8A3043E3C9A8}.Surface Graph Viewer - Debug|x86.Build.0 = Debug
		{EAA5EA88-4554-4D91-BF49-8A3043E3C9A8}.Surface Graph Viewer - Release|Any CPU.ActiveCfg = Release
		{EAA5EA88-4554-4D91-BF49-8A3043E3C9A8}.Surface Graph Viewer - Release|Any CPU.Build.0 = Release
		{EAA5EA88-4554-4D91-BF49-8A3043E3C9A8}.Surface Graph Viewer - Release|x64.ActiveCfg = Release
		{EAA5EA88-4554-4D91-BF49-8A3043E3C9A8}.Surface Graph Viewer - Release|x64.Build.0 = Release
		{EAA5EA88-4554-4D91-BF49-8A3043E3C9A8}.Surface Graph Viewer - Release|x86.ActiveCfg = Release
		{EAA5EA88-4554-4D91-BF49-8A3043E3C9A8}.Surface Graph Viewer - Release|x86.Build.0 = Release
		{4A7D9D9A-0AB3-49DB-A393-09C8B6CD3B34}.CutRelease|Any CPU.ActiveCfg = Release|Any CPU
		{4A7D9D9A-0AB3-49DB-A393-09C8B6CD3B34}.CutRelease|Any CPU.Build.0 = Release|Any CPU
		{4A7D9D9A-0AB3-49DB-A393-09C8B6CD3B34}.CutRelease|x64.ActiveCfg = Release|Any CPU
		{4A7D9D9A-0AB3-49DB-A393-09C8B6CD3B34}.CutRelease|x64.Build.0 = Release|Any CPU
		{4A7D9D9A-0AB3-49DB-A393-09C8B6CD3B34}.CutRelease|x86.ActiveCfg = Release|x86
		{4A7D9D9A-0AB3-49DB-A393-09C8B6CD3B34}.CutRelease|x86.Build.0 = Release|x86
		{4A7D9D9A-0AB3-49DB-A393-09C8B6CD3B34}.Debug Surface Graph Viewer|Any CPU.ActiveCfg = Debug|Any CPU
		{4A7D9D9A-0AB3-49DB-A393-09C8B6CD3B34}.Debug Surface Graph Viewer|Any CPU.Build.0 = Debug|Any CPU
		{4A7D9D9A-0AB3-49DB-A393-09C8B6CD3B34}.Debug Surface Graph Viewer|x64.ActiveCfg = Debug|Any CPU
		{4A7D9D9A-0AB3-49DB-A393-09C8B6CD3B34}.Debug Surface Graph Viewer|x64.Build.0 = Debug|Any CPU
		{4A7D9D9A-0AB3-49DB-A393-09C8B6CD3B34}.Debug Surface Graph Viewer|x86.ActiveCfg = Debug|x86
		{4A7D9D9A-0AB3-49DB-A393-09C8B6CD3B34}.Debug Surface Graph Viewer|x86.Build.0 = Debug|x86
		{4A7D9D9A-0AB3-49DB-A393-09C8B6CD3B34}.Debug|Any CPU.ActiveCfg = Debug|Any CPU
		{4A7D9D9A-0AB3-49DB-A393-09C8B6CD3B34}.Debug|Any CPU.Build.0 = Debug|Any CPU
		{4A7D9D9A-0AB3-49DB-A393-09C8B6CD3B34}.Debug|x64.ActiveCfg = Debug|Any CPU
		{4A7D9D9A-0AB3-49DB-A393-09C8B6CD3B34}.Debug|x64.Build.0 = Debug|Any CPU
		{4A7D9D9A-0AB3-49DB-A393-09C8B6CD3B34}.Debug|x86.ActiveCfg = Debug|Any CPU
		{4A7D9D9A-0AB3-49DB-A393-09C8B6CD3B34}.Debug|x86.Build.0 = Debug|Any CPU
		{4A7D9D9A-0AB3-49DB-A393-09C8B6CD3B34}.DebugDevTrace|Any CPU.ActiveCfg = Debug|Any CPU
		{4A7D9D9A-0AB3-49DB-A393-09C8B6CD3B34}.DebugDevTrace|Any CPU.Build.0 = Debug|Any CPU
		{4A7D9D9A-0AB3-49DB-A393-09C8B6CD3B34}.DebugDevTrace|x64.ActiveCfg = Debug|Any CPU
		{4A7D9D9A-0AB3-49DB-A393-09C8B6CD3B34}.DebugDevTrace|x64.Build.0 = Debug|Any CPU
		{4A7D9D9A-0AB3-49DB-A393-09C8B6CD3B34}.DebugDevTrace|x86.ActiveCfg = Debug|x86
		{4A7D9D9A-0AB3-49DB-A393-09C8B6CD3B34}.DebugDevTrace|x86.Build.0 = Debug|x86
		{4A7D9D9A-0AB3-49DB-A393-09C8B6CD3B34}.DebugSurface|Any CPU.ActiveCfg = Debug|Any CPU
		{4A7D9D9A-0AB3-49DB-A393-09C8B6CD3B34}.DebugSurface|Any CPU.Build.0 = Debug|Any CPU
		{4A7D9D9A-0AB3-49DB-A393-09C8B6CD3B34}.DebugSurface|x64.ActiveCfg = Debug|Any CPU
		{4A7D9D9A-0AB3-49DB-A393-09C8B6CD3B34}.DebugSurface|x64.Build.0 = Debug|Any CPU
		{4A7D9D9A-0AB3-49DB-A393-09C8B6CD3B34}.DebugSurface|x86.ActiveCfg = Debug|x86
		{4A7D9D9A-0AB3-49DB-A393-09C8B6CD3B34}.DebugSurface|x86.Build.0 = Debug|x86
		{4A7D9D9A-0AB3-49DB-A393-09C8B6CD3B34}.DebugWithoutRebuild|Any CPU.ActiveCfg = Debug|Any CPU
		{4A7D9D9A-0AB3-49DB-A393-09C8B6CD3B34}.DebugWithoutRebuild|Any CPU.Build.0 = Debug|Any CPU
		{4A7D9D9A-0AB3-49DB-A393-09C8B6CD3B34}.DebugWithoutRebuild|x64.ActiveCfg = Debug|Any CPU
		{4A7D9D9A-0AB3-49DB-A393-09C8B6CD3B34}.DebugWithoutRebuild|x64.Build.0 = Debug|Any CPU
		{4A7D9D9A-0AB3-49DB-A393-09C8B6CD3B34}.DebugWithoutRebuild|x86.ActiveCfg = Debug|x86
		{4A7D9D9A-0AB3-49DB-A393-09C8B6CD3B34}.DebugWithoutRebuild|x86.Build.0 = Debug|x86
		{4A7D9D9A-0AB3-49DB-A393-09C8B6CD3B34}.MinimalMsagl|Any CPU.ActiveCfg = Release|Any CPU
		{4A7D9D9A-0AB3-49DB-A393-09C8B6CD3B34}.MinimalMsagl|Any CPU.Build.0 = Release|Any CPU
		{4A7D9D9A-0AB3-49DB-A393-09C8B6CD3B34}.MinimalMsagl|x64.ActiveCfg = Release|Any CPU
		{4A7D9D9A-0AB3-49DB-A393-09C8B6CD3B34}.MinimalMsagl|x64.Build.0 = Release|Any CPU
		{4A7D9D9A-0AB3-49DB-A393-09C8B6CD3B34}.MinimalMsagl|x86.ActiveCfg = Debug|x86
		{4A7D9D9A-0AB3-49DB-A393-09C8B6CD3B34}.MinimalMsagl|x86.Build.0 = Debug|x86
		{4A7D9D9A-0AB3-49DB-A393-09C8B6CD3B34}.Release|Any CPU.ActiveCfg = Release|Any CPU
		{4A7D9D9A-0AB3-49DB-A393-09C8B6CD3B34}.Release|Any CPU.Build.0 = Release|Any CPU
		{4A7D9D9A-0AB3-49DB-A393-09C8B6CD3B34}.Release|x64.ActiveCfg = Release|Any CPU
		{4A7D9D9A-0AB3-49DB-A393-09C8B6CD3B34}.Release|x64.Build.0 = Release|Any CPU
		{4A7D9D9A-0AB3-49DB-A393-09C8B6CD3B34}.Release|x86.ActiveCfg = Release|x86
		{4A7D9D9A-0AB3-49DB-A393-09C8B6CD3B34}.Release|x86.Build.0 = Release|x86
		{4A7D9D9A-0AB3-49DB-A393-09C8B6CD3B34}.Retail|Any CPU.ActiveCfg = Release|Any CPU
		{4A7D9D9A-0AB3-49DB-A393-09C8B6CD3B34}.Retail|Any CPU.Build.0 = Release|Any CPU
		{4A7D9D9A-0AB3-49DB-A393-09C8B6CD3B34}.Retail|x64.ActiveCfg = Release|Any CPU
		{4A7D9D9A-0AB3-49DB-A393-09C8B6CD3B34}.Retail|x64.Build.0 = Release|Any CPU
		{4A7D9D9A-0AB3-49DB-A393-09C8B6CD3B34}.Retail|x86.ActiveCfg = Release|x86
		{4A7D9D9A-0AB3-49DB-A393-09C8B6CD3B34}.Retail|x86.Build.0 = Release|x86
		{4A7D9D9A-0AB3-49DB-A393-09C8B6CD3B34}.Setup|Any CPU.ActiveCfg = Release|Any CPU
		{4A7D9D9A-0AB3-49DB-A393-09C8B6CD3B34}.Setup|Any CPU.Build.0 = Release|Any CPU
		{4A7D9D9A-0AB3-49DB-A393-09C8B6CD3B34}.Setup|x64.ActiveCfg = Release|Any CPU
		{4A7D9D9A-0AB3-49DB-A393-09C8B6CD3B34}.Setup|x64.Build.0 = Release|Any CPU
		{4A7D9D9A-0AB3-49DB-A393-09C8B6CD3B34}.Setup|x86.ActiveCfg = Debug|x86
		{4A7D9D9A-0AB3-49DB-A393-09C8B6CD3B34}.Setup|x86.Build.0 = Debug|x86
		{4A7D9D9A-0AB3-49DB-A393-09C8B6CD3B34}.Surface Graph Viewer - Debug|Any CPU.ActiveCfg = Debug|Any CPU
		{4A7D9D9A-0AB3-49DB-A393-09C8B6CD3B34}.Surface Graph Viewer - Debug|Any CPU.Build.0 = Debug|Any CPU
		{4A7D9D9A-0AB3-49DB-A393-09C8B6CD3B34}.Surface Graph Viewer - Debug|x64.ActiveCfg = Debug|Any CPU
		{4A7D9D9A-0AB3-49DB-A393-09C8B6CD3B34}.Surface Graph Viewer - Debug|x64.Build.0 = Debug|Any CPU
		{4A7D9D9A-0AB3-49DB-A393-09C8B6CD3B34}.Surface Graph Viewer - Debug|x86.ActiveCfg = Debug|x86
		{4A7D9D9A-0AB3-49DB-A393-09C8B6CD3B34}.Surface Graph Viewer - Debug|x86.Build.0 = Debug|x86
		{4A7D9D9A-0AB3-49DB-A393-09C8B6CD3B34}.Surface Graph Viewer - Release|Any CPU.ActiveCfg = Release|Any CPU
		{4A7D9D9A-0AB3-49DB-A393-09C8B6CD3B34}.Surface Graph Viewer - Release|Any CPU.Build.0 = Release|Any CPU
		{4A7D9D9A-0AB3-49DB-A393-09C8B6CD3B34}.Surface Graph Viewer - Release|x64.ActiveCfg = Release|Any CPU
		{4A7D9D9A-0AB3-49DB-A393-09C8B6CD3B34}.Surface Graph Viewer - Release|x64.Build.0 = Release|Any CPU
		{4A7D9D9A-0AB3-49DB-A393-09C8B6CD3B34}.Surface Graph Viewer - Release|x86.ActiveCfg = Release|x86
		{4A7D9D9A-0AB3-49DB-A393-09C8B6CD3B34}.Surface Graph Viewer - Release|x86.Build.0 = Release|x86
	EndGlobalSection
	GlobalSection(SolutionProperties) = preSolution
		HideSolutionNode = FALSE
	EndGlobalSection
	GlobalSection(ExtensibilityGlobals) = postSolution
		SolutionGuid = {9B30E724-3000-47DD-A469-4DC41A21ACB9}
	EndGlobalSection
EndGlobal
