
Microsoft Visual Studio Solution File, Format Version 12.00
# Visual Studio 15
VisualStudioVersion = 15.0.27130.2010
MinimumVisualStudioVersion = 10.0.40219.1
Project("{9A19103F-16F7-4668-BE54-9A1E7A4F7556}") = "Blueprint41", "Blueprint41\Blueprint41.csproj", "{B24F3C43-0B21-474A-8B42-E9E165E2F8CF}"
EndProject
Project("{FAE04EC0-301F-11D3-BF4B-00C04F79EFBC}") = "Blueprint41Test", "Blueprint41Test\Blueprint41Test.csproj", "{015DA6C1-B35B-4E38-A999-A15246B0B25C}"
EndProject
Project("{2150E333-8FDC-42A3-9474-1A3956D46DE8}") = "Documentation", "Documentation", "{9EEBF9E1-477C-4C27-84BC-72BF814287E2}"
	ProjectSection(SolutionItems) = preProject
		Documentation\GettingStarted.txt = Documentation\GettingStarted.txt
	EndProjectSection
EndProject
Project("{FAE04EC0-301F-11D3-BF4B-00C04F79EFBC}") = "Blueprint41.Modeller", "Blueprint41.Modeller\Blueprint41.Modeller.csproj", "{946C189D-DA9D-49DC-8A0C-CF4820B26C0D}"
EndProject
Project("{FAE04EC0-301F-11D3-BF4B-00C04F79EFBC}") = "Blueprint41.Modeller.Schemas", "Blueprint41.Modeller.Schemas\Blueprint41.Modeller.Schemas.csproj", "{CE27C579-0842-46A2-8ABA-D21908AC00B6}"
EndProject
Project("{FAE04EC0-301F-11D3-BF4B-00C04F79EFBC}") = "Blueprint41.Modeller.Compare", "..\..\_Projects\Xirqlz\Blueprint41.Modeller.Compare\Blueprint41.Modeller.Compare.csproj", "{AD738FB0-FF73-4E32-AB49-D34C0E9E02E3}"
EndProject
Project("{FAE04EC0-301F-11D3-BF4B-00C04F79EFBC}") = "Blueprint41.Modeller.Labarotory", "..\..\_Projects\Xirqlz\Blueprint41.Modeller.Labarotory\Blueprint41.Modeller.Labarotory.csproj", "{8E35AF38-C2DF-455C-A88A-A64E618DF0D8}"
EndProject
Project("{9A19103F-16F7-4668-BE54-9A1E7A4F7556}") = "Blueprint41.UnitTest", "Blueprint41.UnitTest\Blueprint41.UnitTest.csproj", "{31A46AC6-6D52-4E1E-AA6A-A28DE282844A}"
EndProject
Project("{FAE04EC0-301F-11D3-BF4B-00C04F79EFBC}") = "Blueprint41.Modeller.Document", "..\..\_Projects\Xirqlz\Blueprint41.Modeller.Document\Blueprint41.Modeller.Document.csproj", "{AF87CE1C-53D9-460D-B0D3-30C8152F78E4}"
EndProject
Project("{54435603-DBB4-11D2-8724-00A0C9A8B90C}") = "Blueprint41.Modeller.SetUp", "Blueprint41.Modeller.SetUp\Setup\Setup.vdproj", "{EAA5EA88-4554-4D91-BF49-8A3043E3C9A8}"
EndProject
Project("{FAE04EC0-301F-11D3-BF4B-00C04F79EFBC}") = "Blueprint41.Modeller.V2", "..\..\_Projects\Xirqlz\Blueprint41.Modeller.V2\Blueprint41.Modeller.V2.csproj", "{73885F93-5C72-4CD0-B8C4-8AC94BB9BDBF}"
EndProject
Project("{FAE04EC0-301F-11D3-BF4B-00C04F79EFBC}") = "Blueprint41.Gremlin", "Blueprint41.Gremlin\Blueprint41.Gremlin.csproj", "{36E7C5F8-E652-4EFA-9C48-45D8932A4EC7}"
EndProject
Project("{FAE04EC0-301F-11D3-BF4B-00C04F79EFBC}") = "Blueprint41.GremlinUnitTest", "Blueprint41.GremlinUnitTest\Blueprint41.GremlinUnitTest.csproj", "{0A208DA3-BDC5-4800-B7FE-DA653FE3C577}"
EndProject
Global
	GlobalSection(SolutionConfigurationPlatforms) = preSolution
		Debug|Any CPU = Debug|Any CPU
		Release|Any CPU = Release|Any CPU
	EndGlobalSection
	GlobalSection(ProjectConfigurationPlatforms) = postSolution
		{B24F3C43-0B21-474A-8B42-E9E165E2F8CF}.Debug|Any CPU.ActiveCfg = Debug|Any CPU
		{B24F3C43-0B21-474A-8B42-E9E165E2F8CF}.Debug|Any CPU.Build.0 = Debug|Any CPU
		{B24F3C43-0B21-474A-8B42-E9E165E2F8CF}.Release|Any CPU.ActiveCfg = Release|Any CPU
		{B24F3C43-0B21-474A-8B42-E9E165E2F8CF}.Release|Any CPU.Build.0 = Release|Any CPU
		{015DA6C1-B35B-4E38-A999-A15246B0B25C}.Debug|Any CPU.ActiveCfg = Debug|Any CPU
		{015DA6C1-B35B-4E38-A999-A15246B0B25C}.Debug|Any CPU.Build.0 = Debug|Any CPU
		{015DA6C1-B35B-4E38-A999-A15246B0B25C}.Release|Any CPU.ActiveCfg = Release|Any CPU
		{015DA6C1-B35B-4E38-A999-A15246B0B25C}.Release|Any CPU.Build.0 = Release|Any CPU
		{946C189D-DA9D-49DC-8A0C-CF4820B26C0D}.Debug|Any CPU.ActiveCfg = Debug|Any CPU
		{946C189D-DA9D-49DC-8A0C-CF4820B26C0D}.Debug|Any CPU.Build.0 = Debug|Any CPU
		{946C189D-DA9D-49DC-8A0C-CF4820B26C0D}.Release|Any CPU.ActiveCfg = Release|Any CPU
		{946C189D-DA9D-49DC-8A0C-CF4820B26C0D}.Release|Any CPU.Build.0 = Release|Any CPU
		{CE27C579-0842-46A2-8ABA-D21908AC00B6}.Debug|Any CPU.ActiveCfg = Debug|Any CPU
		{CE27C579-0842-46A2-8ABA-D21908AC00B6}.Debug|Any CPU.Build.0 = Debug|Any CPU
		{CE27C579-0842-46A2-8ABA-D21908AC00B6}.Release|Any CPU.ActiveCfg = Release|Any CPU
		{CE27C579-0842-46A2-8ABA-D21908AC00B6}.Release|Any CPU.Build.0 = Release|Any CPU
		{AD738FB0-FF73-4E32-AB49-D34C0E9E02E3}.Debug|Any CPU.ActiveCfg = Debug|Any CPU
		{AD738FB0-FF73-4E32-AB49-D34C0E9E02E3}.Debug|Any CPU.Build.0 = Debug|Any CPU
		{AD738FB0-FF73-4E32-AB49-D34C0E9E02E3}.Release|Any CPU.ActiveCfg = Release|Any CPU
		{AD738FB0-FF73-4E32-AB49-D34C0E9E02E3}.Release|Any CPU.Build.0 = Release|Any CPU
		{8E35AF38-C2DF-455C-A88A-A64E618DF0D8}.Debug|Any CPU.ActiveCfg = Debug|Any CPU
		{8E35AF38-C2DF-455C-A88A-A64E618DF0D8}.Debug|Any CPU.Build.0 = Debug|Any CPU
		{8E35AF38-C2DF-455C-A88A-A64E618DF0D8}.Release|Any CPU.ActiveCfg = Release|Any CPU
		{8E35AF38-C2DF-455C-A88A-A64E618DF0D8}.Release|Any CPU.Build.0 = Release|Any CPU
		{31A46AC6-6D52-4E1E-AA6A-A28DE282844A}.Debug|Any CPU.ActiveCfg = Debug|Any CPU
		{31A46AC6-6D52-4E1E-AA6A-A28DE282844A}.Debug|Any CPU.Build.0 = Debug|Any CPU
		{31A46AC6-6D52-4E1E-AA6A-A28DE282844A}.Release|Any CPU.ActiveCfg = Release|Any CPU
		{31A46AC6-6D52-4E1E-AA6A-A28DE282844A}.Release|Any CPU.Build.0 = Release|Any CPU
		{AF87CE1C-53D9-460D-B0D3-30C8152F78E4}.Debug|Any CPU.ActiveCfg = Debug|Any CPU
		{AF87CE1C-53D9-460D-B0D3-30C8152F78E4}.Debug|Any CPU.Build.0 = Debug|Any CPU
		{AF87CE1C-53D9-460D-B0D3-30C8152F78E4}.Release|Any CPU.ActiveCfg = Release|Any CPU
		{AF87CE1C-53D9-460D-B0D3-30C8152F78E4}.Release|Any CPU.Build.0 = Release|Any CPU
		{EAA5EA88-4554-4D91-BF49-8A3043E3C9A8}.Debug|Any CPU.ActiveCfg = Debug
		{EAA5EA88-4554-4D91-BF49-8A3043E3C9A8}.Release|Any CPU.ActiveCfg = Release
		{EAA5EA88-4554-4D91-BF49-8A3043E3C9A8}.Release|Any CPU.Build.0 = Release
		{73885F93-5C72-4CD0-B8C4-8AC94BB9BDBF}.Debug|Any CPU.ActiveCfg = Debug|Any CPU
		{73885F93-5C72-4CD0-B8C4-8AC94BB9BDBF}.Debug|Any CPU.Build.0 = Debug|Any CPU
		{73885F93-5C72-4CD0-B8C4-8AC94BB9BDBF}.Release|Any CPU.ActiveCfg = Release|Any CPU
		{73885F93-5C72-4CD0-B8C4-8AC94BB9BDBF}.Release|Any CPU.Build.0 = Release|Any CPU
		{36E7C5F8-E652-4EFA-9C48-45D8932A4EC7}.Debug|Any CPU.ActiveCfg = Debug|Any CPU
		{36E7C5F8-E652-4EFA-9C48-45D8932A4EC7}.Debug|Any CPU.Build.0 = Debug|Any CPU
		{36E7C5F8-E652-4EFA-9C48-45D8932A4EC7}.Release|Any CPU.ActiveCfg = Release|Any CPU
		{36E7C5F8-E652-4EFA-9C48-45D8932A4EC7}.Release|Any CPU.Build.0 = Release|Any CPU
		{0A208DA3-BDC5-4800-B7FE-DA653FE3C577}.Debug|Any CPU.ActiveCfg = Debug|Any CPU
		{0A208DA3-BDC5-4800-B7FE-DA653FE3C577}.Debug|Any CPU.Build.0 = Debug|Any CPU
		{0A208DA3-BDC5-4800-B7FE-DA653FE3C577}.Release|Any CPU.ActiveCfg = Release|Any CPU
		{0A208DA3-BDC5-4800-B7FE-DA653FE3C577}.Release|Any CPU.Build.0 = Release|Any CPU
	EndGlobalSection
	GlobalSection(SolutionProperties) = preSolution
		HideSolutionNode = FALSE
	EndGlobalSection
	GlobalSection(ExtensibilityGlobals) = postSolution
		SolutionGuid = {9B30E724-3000-47DD-A469-4DC41A21ACB9}
	EndGlobalSection
EndGlobal
