
Microsoft Visual Studio Solution File, Format Version 12.00
# Visual Studio 15
VisualStudioVersion = 15.0.27130.2010
MinimumVisualStudioVersion = 10.0.40219.1
Project("{9A19103F-16F7-4668-BE54-9A1E7A4F7556}") = "Blueprint41", "Blueprint41\Blueprint41.csproj", "{B24F3C43-0B21-474A-8B42-E9E165E2F8CF}"
EndProject
Project("{FAE04EC0-301F-11D3-BF4B-00C04F79EFBC}") = "Blueprint41Test", "Blueprint41Test\Blueprint41Test.csproj", "{015DA6C1-B35B-4E38-A999-A15246B0B25C}"
EndProject
Project("{2150E333-8FDC-42A3-9474-1A3956D46DE8}") = "Documentation", "Documentation", "{9EEBF9E1-477C-4C27-84BC-72BF814287E2}"
	ProjectSection(SolutionItems) = preProject
		Documentation\GettingStarted.txt = Documentation\GettingStarted.txt
	EndProjectSection
EndProject
Project("{FAE04EC0-301F-11D3-BF4B-00C04F79EFBC}") = "Blueprint41.Modeller", "Blueprint41.Modeller\Blueprint41.Modeller.csproj", "{946C189D-DA9D-49DC-8A0C-CF4820B26C0D}"
EndProject
Project("{FAE04EC0-301F-11D3-BF4B-00C04F79EFBC}") = "Blueprint41.Modeller.Schemas", "Blueprint41.Modeller.Schemas\Blueprint41.Modeller.Schemas.csproj", "{CE27C579-0842-46A2-8ABA-D21908AC00B6}"
EndProject
Project("{9A19103F-16F7-4668-BE54-9A1E7A4F7556}") = "Blueprint41.UnitTest", "Blueprint41.UnitTest\Blueprint41.UnitTest.csproj", "{31A46AC6-6D52-4E1E-AA6A-A28DE282844A}"
EndProject
Project("{54435603-DBB4-11D2-8724-00A0C9A8B90C}") = "Blueprint41.Modeller.SetUp", "Blueprint41.Modeller.SetUp\Setup\Setup.vdproj", "{EAA5EA88-4554-4D91-BF49-8A3043E3C9A8}"
EndProject
Global
	GlobalSection(SolutionConfigurationPlatforms) = preSolution
		Debug|Any CPU = Debug|Any CPU
		Debug|x86 = Debug|x86
		Release|Any CPU = Release|Any CPU
		Release|x86 = Release|x86
	EndGlobalSection
	GlobalSection(ProjectConfigurationPlatforms) = postSolution
		{B24F3C43-0B21-474A-8B42-E9E165E2F8CF}.Debug|Any CPU.ActiveCfg = Debug|Any CPU
		{B24F3C43-0B21-474A-8B42-E9E165E2F8CF}.Debug|Any CPU.Build.0 = Debug|Any CPU
		{B24F3C43-0B21-474A-8B42-E9E165E2F8CF}.Debug|x86.ActiveCfg = Debug|x86
		{B24F3C43-0B21-474A-8B42-E9E165E2F8CF}.Debug|x86.Build.0 = Debug|x86
		{B24F3C43-0B21-474A-8B42-E9E165E2F8CF}.Release|Any CPU.ActiveCfg = Release|Any CPU
		{B24F3C43-0B21-474A-8B42-E9E165E2F8CF}.Release|Any CPU.Build.0 = Release|Any CPU
		{B24F3C43-0B21-474A-8B42-E9E165E2F8CF}.Release|x86.ActiveCfg = Release|x86
		{B24F3C43-0B21-474A-8B42-E9E165E2F8CF}.Release|x86.Build.0 = Release|x86
		{015DA6C1-B35B-4E38-A999-A15246B0B25C}.Debug|Any CPU.ActiveCfg = Debug|Any CPU
		{015DA6C1-B35B-4E38-A999-A15246B0B25C}.Debug|Any CPU.Build.0 = Debug|Any CPU
		{015DA6C1-B35B-4E38-A999-A15246B0B25C}.Debug|x86.ActiveCfg = Debug|x86
		{015DA6C1-B35B-4E38-A999-A15246B0B25C}.Debug|x86.Build.0 = Debug|x86
		{015DA6C1-B35B-4E38-A999-A15246B0B25C}.Release|Any CPU.ActiveCfg = Release|Any CPU
		{015DA6C1-B35B-4E38-A999-A15246B0B25C}.Release|Any CPU.Build.0 = Release|Any CPU
		{015DA6C1-B35B-4E38-A999-A15246B0B25C}.Release|x86.ActiveCfg = Release|x86
		{015DA6C1-B35B-4E38-A999-A15246B0B25C}.Release|x86.Build.0 = Release|x86
		{946C189D-DA9D-49DC-8A0C-CF4820B26C0D}.Debug|Any CPU.ActiveCfg = Debug|Any CPU
		{946C189D-DA9D-49DC-8A0C-CF4820B26C0D}.Debug|Any CPU.Build.0 = Debug|Any CPU
		{946C189D-DA9D-49DC-8A0C-CF4820B26C0D}.Debug|x86.ActiveCfg = Debug|x86
		{946C189D-DA9D-49DC-8A0C-CF4820B26C0D}.Debug|x86.Build.0 = Debug|x86
		{946C189D-DA9D-49DC-8A0C-CF4820B26C0D}.Release|Any CPU.ActiveCfg = Release|Any CPU
		{946C189D-DA9D-49DC-8A0C-CF4820B26C0D}.Release|Any CPU.Build.0 = Release|Any CPU
		{946C189D-DA9D-49DC-8A0C-CF4820B26C0D}.Release|x86.ActiveCfg = Release|x86
		{946C189D-DA9D-49DC-8A0C-CF4820B26C0D}.Release|x86.Build.0 = Release|x86
		{CE27C579-0842-46A2-8ABA-D21908AC00B6}.Debug|Any CPU.ActiveCfg = Debug|Any CPU
		{CE27C579-0842-46A2-8ABA-D21908AC00B6}.Debug|Any CPU.Build.0 = Debug|Any CPU
		{CE27C579-0842-46A2-8ABA-D21908AC00B6}.Debug|x86.ActiveCfg = Debug|x86
		{CE27C579-0842-46A2-8ABA-D21908AC00B6}.Debug|x86.Build.0 = Debug|x86
		{CE27C579-0842-46A2-8ABA-D21908AC00B6}.Release|Any CPU.ActiveCfg = Release|Any CPU
		{CE27C579-0842-46A2-8ABA-D21908AC00B6}.Release|Any CPU.Build.0 = Release|Any CPU
		{CE27C579-0842-46A2-8ABA-D21908AC00B6}.Release|x86.ActiveCfg = Release|x86
		{CE27C579-0842-46A2-8ABA-D21908AC00B6}.Release|x86.Build.0 = Release|x86
		{31A46AC6-6D52-4E1E-AA6A-A28DE282844A}.Debug|Any CPU.ActiveCfg = Debug|Any CPU
		{31A46AC6-6D52-4E1E-AA6A-A28DE282844A}.Debug|Any CPU.Build.0 = Debug|Any CPU
		{31A46AC6-6D52-4E1E-AA6A-A28DE282844A}.Debug|x86.ActiveCfg = Debug|x86
		{31A46AC6-6D52-4E1E-AA6A-A28DE282844A}.Debug|x86.Build.0 = Debug|x86
		{31A46AC6-6D52-4E1E-AA6A-A28DE282844A}.Release|Any CPU.ActiveCfg = Release|Any CPU
		{31A46AC6-6D52-4E1E-AA6A-A28DE282844A}.Release|Any CPU.Build.0 = Release|Any CPU
		{31A46AC6-6D52-4E1E-AA6A-A28DE282844A}.Release|x86.ActiveCfg = Release|x86
		{31A46AC6-6D52-4E1E-AA6A-A28DE282844A}.Release|x86.Build.0 = Release|x86
		{EAA5EA88-4554-4D91-BF49-8A3043E3C9A8}.Debug|Any CPU.ActiveCfg = Debug
		{EAA5EA88-4554-4D91-BF49-8A3043E3C9A8}.Debug|x86.ActiveCfg = Debug
		{EAA5EA88-4554-4D91-BF49-8A3043E3C9A8}.Debug|x86.Build.0 = Debug
		{EAA5EA88-4554-4D91-BF49-8A3043E3C9A8}.Release|Any CPU.ActiveCfg = Release
		{EAA5EA88-4554-4D91-BF49-8A3043E3C9A8}.Release|Any CPU.Build.0 = Release
		{EAA5EA88-4554-4D91-BF49-8A3043E3C9A8}.Release|x86.ActiveCfg = Release
		{EAA5EA88-4554-4D91-BF49-8A3043E3C9A8}.Release|x86.Build.0 = Release
	EndGlobalSection
	GlobalSection(SolutionProperties) = preSolution
		HideSolutionNode = FALSE
	EndGlobalSection
	GlobalSection(ExtensibilityGlobals) = postSolution
		SolutionGuid = {9B30E724-3000-47DD-A469-4DC41A21ACB9}
	EndGlobalSection
EndGlobal
