Microsoft Visual Studio Solution File, Format Version 12.00
# Visual Studio Version 17
VisualStudioVersion = 17.8.34330.188
MinimumVisualStudioVersion = 10.0.40219.1
Project("{2150E333-8FDC-42A3-9474-1A3956D46DE8}") = "Datastore", "Datastore", "{24D8B347-3C73-44C2-BE37-C4AF15D4553E}"
EndProject
Project("{9A19103F-16F7-4668-BE54-9A1E7A4F7556}") = "MovieGraph.Model", "MovieGraph\MovieGraph.Model\MovieGraph.Model.csproj", "{65C2173C-3BBA-406E-86A8-1A53074BAEE8}"
EndProject
Project("{9A19103F-16F7-4668-BE54-9A1E7A4F7556}") = "MovieGraph.Generated", "MovieGraph\MovieGraph.Generated\MovieGraph.Generated.csproj", "{772E04AB-FB4C-4AD6-938C-C36FA359A817}"
EndProject
Project("{9A19103F-16F7-4668-BE54-9A1E7A4F7556}") = "Blueprint41", "..\..\Blueprint41\Blueprint41.csproj", "{E36B2243-1A2F-4A83-A9CE-E81EDACC5EDC}"
EndProject
Project("{2150E333-8FDC-42A3-9474-1A3956D46DE8}") = "Solution Items", "Solution Items", "{EE167854-CD53-4892-A087-D1B0B2F874E3}"
	ProjectSection(SolutionItems) = preProject
		MovieGraph.xml = MovieGraph.xml
	EndProjectSection
EndProject
Project("{9A19103F-16F7-4668-BE54-9A1E7A4F7556}") = "Blueprint41.Neo4jDriver.v3", "..\..\Blueprint41.Neo4jDriver.v3\Blueprint41.Neo4jDriver.v3.csproj", "{B294507D-0051-429B-8B91-C28B0BB51857}"
EndProject
Project("{9A19103F-16F7-4668-BE54-9A1E7A4F7556}") = "Blueprint41.Neo4jDriver.v4", "..\..\Blueprint41.Neo4jDriver.v4\Blueprint41.Neo4jDriver.v4.csproj", "{ACE5DD00-39C1-4B15-8C18-C47A8476C1DB}"
EndProject
Project("{9A19103F-16F7-4668-BE54-9A1E7A4F7556}") = "Blueprint41.Neo4jDriver.v5", "..\..\Blueprint41.Neo4jDriver.v5\Blueprint41.Neo4jDriver.v5.csproj", "{D865DF27-06E0-4ADF-A5AC-7C34E06D336E}"
EndProject
Project("{9A19103F-16F7-4668-BE54-9A1E7A4F7556}") = "ConsoleApp", "ConsoleApp\ConsoleApp.csproj", "{A34EFA79-17E6-4F29-8B9F-1A3DD1CDDC8E}"
EndProject
Project("{FAE04EC0-301F-11D3-BF4B-00C04F79EFBC}") = "ConsoleApp1", "ConsoleApp1\ConsoleApp1.csproj", "{8773A236-7202-43A1-9E6B-47CEE89EACB4}"
EndProject
Global
	GlobalSection(SolutionConfigurationPlatforms) = preSolution
		Debug|Any CPU = Debug|Any CPU
		Debug|x64 = Debug|x64
		Debug|x86 = Debug|x86
		Release|Any CPU = Release|Any CPU
		Release|x64 = Release|x64
		Release|x86 = Release|x86
	EndGlobalSection
	GlobalSection(ProjectConfigurationPlatforms) = postSolution
		{65C2173C-3BBA-406E-86A8-1A53074BAEE8}.Debug|Any CPU.ActiveCfg = Debug|Any CPU
		{65C2173C-3BBA-406E-86A8-1A53074BAEE8}.Debug|Any CPU.Build.0 = Debug|Any CPU
		{65C2173C-3BBA-406E-86A8-1A53074BAEE8}.Debug|x64.ActiveCfg = Debug|Any CPU
		{65C2173C-3BBA-406E-86A8-1A53074BAEE8}.Debug|x64.Build.0 = Debug|Any CPU
		{65C2173C-3BBA-406E-86A8-1A53074BAEE8}.Debug|x86.ActiveCfg = Debug|Any CPU
		{65C2173C-3BBA-406E-86A8-1A53074BAEE8}.Debug|x86.Build.0 = Debug|Any CPU
		{65C2173C-3BBA-406E-86A8-1A53074BAEE8}.Release|Any CPU.ActiveCfg = Release|Any CPU
		{65C2173C-3BBA-406E-86A8-1A53074BAEE8}.Release|Any CPU.Build.0 = Release|Any CPU
		{65C2173C-3BBA-406E-86A8-1A53074BAEE8}.Release|x64.ActiveCfg = Release|Any CPU
		{65C2173C-3BBA-406E-86A8-1A53074BAEE8}.Release|x64.Build.0 = Release|Any CPU
		{65C2173C-3BBA-406E-86A8-1A53074BAEE8}.Release|x86.ActiveCfg = Release|Any CPU
		{65C2173C-3BBA-406E-86A8-1A53074BAEE8}.Release|x86.Build.0 = Release|Any CPU
		{772E04AB-FB4C-4AD6-938C-C36FA359A817}.Debug|Any CPU.ActiveCfg = Debug|Any CPU
		{772E04AB-FB4C-4AD6-938C-C36FA359A817}.Debug|Any CPU.Build.0 = Debug|Any CPU
		{772E04AB-FB4C-4AD6-938C-C36FA359A817}.Debug|x64.ActiveCfg = Debug|Any CPU
		{772E04AB-FB4C-4AD6-938C-C36FA359A817}.Debug|x64.Build.0 = Debug|Any CPU
		{772E04AB-FB4C-4AD6-938C-C36FA359A817}.Debug|x86.ActiveCfg = Debug|Any CPU
		{772E04AB-FB4C-4AD6-938C-C36FA359A817}.Debug|x86.Build.0 = Debug|Any CPU
		{772E04AB-FB4C-4AD6-938C-C36FA359A817}.Release|Any CPU.ActiveCfg = Release|Any CPU
		{772E04AB-FB4C-4AD6-938C-C36FA359A817}.Release|Any CPU.Build.0 = Release|Any CPU
		{772E04AB-FB4C-4AD6-938C-C36FA359A817}.Release|x64.ActiveCfg = Release|Any CPU
		{772E04AB-FB4C-4AD6-938C-C36FA359A817}.Release|x64.Build.0 = Release|Any CPU
		{772E04AB-FB4C-4AD6-938C-C36FA359A817}.Release|x86.ActiveCfg = Release|Any CPU
		{772E04AB-FB4C-4AD6-938C-C36FA359A817}.Release|x86.Build.0 = Release|Any CPU
		{E36B2243-1A2F-4A83-A9CE-E81EDACC5EDC}.Debug|Any CPU.ActiveCfg = Debug|Any CPU
		{E36B2243-1A2F-4A83-A9CE-E81EDACC5EDC}.Debug|Any CPU.Build.0 = Debug|Any CPU
		{E36B2243-1A2F-4A83-A9CE-E81EDACC5EDC}.Debug|x64.ActiveCfg = Debug|x64
		{E36B2243-1A2F-4A83-A9CE-E81EDACC5EDC}.Debug|x64.Build.0 = Debug|x64
		{E36B2243-1A2F-4A83-A9CE-E81EDACC5EDC}.Debug|x86.ActiveCfg = Debug|x86
		{E36B2243-1A2F-4A83-A9CE-E81EDACC5EDC}.Debug|x86.Build.0 = Debug|x86
		{E36B2243-1A2F-4A83-A9CE-E81EDACC5EDC}.Release|Any CPU.ActiveCfg = Release|Any CPU
		{E36B2243-1A2F-4A83-A9CE-E81EDACC5EDC}.Release|Any CPU.Build.0 = Release|Any CPU
		{E36B2243-1A2F-4A83-A9CE-E81EDACC5EDC}.Release|x64.ActiveCfg = Release|x64
		{E36B2243-1A2F-4A83-A9CE-E81EDACC5EDC}.Release|x64.Build.0 = Release|x64
		{E36B2243-1A2F-4A83-A9CE-E81EDACC5EDC}.Release|x86.ActiveCfg = Release|x86
		{E36B2243-1A2F-4A83-A9CE-E81EDACC5EDC}.Release|x86.Build.0 = Release|x86
		{B294507D-0051-429B-8B91-C28B0BB51857}.Debug|Any CPU.ActiveCfg = Debug|Any CPU
		{B294507D-0051-429B-8B91-C28B0BB51857}.Debug|Any CPU.Build.0 = Debug|Any CPU
		{B294507D-0051-429B-8B91-C28B0BB51857}.Debug|x64.ActiveCfg = Debug|x64
		{B294507D-0051-429B-8B91-C28B0BB51857}.Debug|x64.Build.0 = Debug|x64
		{B294507D-0051-429B-8B91-C28B0BB51857}.Debug|x86.ActiveCfg = Debug|x86
		{B294507D-0051-429B-8B91-C28B0BB51857}.Debug|x86.Build.0 = Debug|x86
		{B294507D-0051-429B-8B91-C28B0BB51857}.Release|Any CPU.ActiveCfg = Release|Any CPU
		{B294507D-0051-429B-8B91-C28B0BB51857}.Release|Any CPU.Build.0 = Release|Any CPU
		{B294507D-0051-429B-8B91-C28B0BB51857}.Release|x64.ActiveCfg = Release|x64
		{B294507D-0051-429B-8B91-C28B0BB51857}.Release|x64.Build.0 = Release|x64
		{B294507D-0051-429B-8B91-C28B0BB51857}.Release|x86.ActiveCfg = Release|x86
		{B294507D-0051-429B-8B91-C28B0BB51857}.Release|x86.Build.0 = Release|x86
		{ACE5DD00-39C1-4B15-8C18-C47A8476C1DB}.Debug|Any CPU.ActiveCfg = Debug|Any CPU
		{ACE5DD00-39C1-4B15-8C18-C47A8476C1DB}.Debug|Any CPU.Build.0 = Debug|Any CPU
		{ACE5DD00-39C1-4B15-8C18-C47A8476C1DB}.Debug|x64.ActiveCfg = Debug|x64
		{ACE5DD00-39C1-4B15-8C18-C47A8476C1DB}.Debug|x64.Build.0 = Debug|x64
		{ACE5DD00-39C1-4B15-8C18-C47A8476C1DB}.Debug|x86.ActiveCfg = Debug|x86
		{ACE5DD00-39C1-4B15-8C18-C47A8476C1DB}.Debug|x86.Build.0 = Debug|x86
		{ACE5DD00-39C1-4B15-8C18-C47A8476C1DB}.Release|Any CPU.ActiveCfg = Release|Any CPU
		{ACE5DD00-39C1-4B15-8C18-C47A8476C1DB}.Release|Any CPU.Build.0 = Release|Any CPU
		{ACE5DD00-39C1-4B15-8C18-C47A8476C1DB}.Release|x64.ActiveCfg = Release|x64
		{ACE5DD00-39C1-4B15-8C18-C47A8476C1DB}.Release|x64.Build.0 = Release|x64
		{ACE5DD00-39C1-4B15-8C18-C47A8476C1DB}.Release|x86.ActiveCfg = Release|x86
		{ACE5DD00-39C1-4B15-8C18-C47A8476C1DB}.Release|x86.Build.0 = Release|x86
		{D865DF27-06E0-4ADF-A5AC-7C34E06D336E}.Debug|Any CPU.ActiveCfg = Debug|Any CPU
		{D865DF27-06E0-4ADF-A5AC-7C34E06D336E}.Debug|Any CPU.Build.0 = Debug|Any CPU
		{D865DF27-06E0-4ADF-A5AC-7C34E06D336E}.Debug|x64.ActiveCfg = Debug|x64
		{D865DF27-06E0-4ADF-A5AC-7C34E06D336E}.Debug|x64.Build.0 = Debug|x64
		{D865DF27-06E0-4ADF-A5AC-7C34E06D336E}.Debug|x86.ActiveCfg = Debug|x86
		{D865DF27-06E0-4ADF-A5AC-7C34E06D336E}.Debug|x86.Build.0 = Debug|x86
		{D865DF27-06E0-4ADF-A5AC-7C34E06D336E}.Release|Any CPU.ActiveCfg = Release|Any CPU
		{D865DF27-06E0-4ADF-A5AC-7C34E06D336E}.Release|Any CPU.Build.0 = Release|Any CPU
		{D865DF27-06E0-4ADF-A5AC-7C34E06D336E}.Release|x64.ActiveCfg = Release|x64
		{D865DF27-06E0-4ADF-A5AC-7C34E06D336E}.Release|x64.Build.0 = Release|x64
		{D865DF27-06E0-4ADF-A5AC-7C34E06D336E}.Release|x86.ActiveCfg = Release|x86
		{D865DF27-06E0-4ADF-A5AC-7C34E06D336E}.Release|x86.Build.0 = Release|x86
		{A34EFA79-17E6-4F29-8B9F-1A3DD1CDDC8E}.Debug|Any CPU.ActiveCfg = Debug|Any CPU
		{A34EFA79-17E6-4F29-8B9F-1A3DD1CDDC8E}.Debug|Any CPU.Build.0 = Debug|Any CPU
		{A34EFA79-17E6-4F29-8B9F-1A3DD1CDDC8E}.Debug|x64.ActiveCfg = Debug|Any CPU
		{A34EFA79-17E6-4F29-8B9F-1A3DD1CDDC8E}.Debug|x64.Build.0 = Debug|Any CPU
		{A34EFA79-17E6-4F29-8B9F-1A3DD1CDDC8E}.Debug|x86.ActiveCfg = Debug|Any CPU
		{A34EFA79-17E6-4F29-8B9F-1A3DD1CDDC8E}.Debug|x86.Build.0 = Debug|Any CPU
		{A34EFA79-17E6-4F29-8B9F-1A3DD1CDDC8E}.Release|Any CPU.ActiveCfg = Release|Any CPU
		{A34EFA79-17E6-4F29-8B9F-1A3DD1CDDC8E}.Release|Any CPU.Build.0 = Release|Any CPU
		{A34EFA79-17E6-4F29-8B9F-1A3DD1CDDC8E}.Release|x64.ActiveCfg = Release|Any CPU
		{A34EFA79-17E6-4F29-8B9F-1A3DD1CDDC8E}.Release|x64.Build.0 = Release|Any CPU
		{A34EFA79-17E6-4F29-8B9F-1A3DD1CDDC8E}.Release|x86.ActiveCfg = Release|Any CPU
		{A34EFA79-17E6-4F29-8B9F-1A3DD1CDDC8E}.Release|x86.Build.0 = Release|Any CPU
		{8773A236-7202-43A1-9E6B-47CEE89EACB4}.Debug|Any CPU.ActiveCfg = Debug|Any CPU
		{8773A236-7202-43A1-9E6B-47CEE89EACB4}.Debug|Any CPU.Build.0 = Debug|Any CPU
		{8773A236-7202-43A1-9E6B-47CEE89EACB4}.Debug|x64.ActiveCfg = Debug|Any CPU
		{8773A236-7202-43A1-9E6B-47CEE89EACB4}.Debug|x64.Build.0 = Debug|Any CPU
		{8773A236-7202-43A1-9E6B-47CEE89EACB4}.Debug|x86.ActiveCfg = Debug|Any CPU
		{8773A236-7202-43A1-9E6B-47CEE89EACB4}.Debug|x86.Build.0 = Debug|Any CPU
		{8773A236-7202-43A1-9E6B-47CEE89EACB4}.Release|Any CPU.ActiveCfg = Release|Any CPU
		{8773A236-7202-43A1-9E6B-47CEE89EACB4}.Release|Any CPU.Build.0 = Release|Any CPU
		{8773A236-7202-43A1-9E6B-47CEE89EACB4}.Release|x64.ActiveCfg = Release|Any CPU
		{8773A236-7202-43A1-9E6B-47CEE89EACB4}.Release|x64.Build.0 = Release|Any CPU
		{8773A236-7202-43A1-9E6B-47CEE89EACB4}.Release|x86.ActiveCfg = Release|Any CPU
		{8773A236-7202-43A1-9E6B-47CEE89EACB4}.Release|x86.Build.0 = Release|Any CPU
	EndGlobalSection
	GlobalSection(SolutionProperties) = preSolution
		HideSolutionNode = FALSE
	EndGlobalSection
	GlobalSection(NestedProjects) = preSolution
		{65C2173C-3BBA-406E-86A8-1A53074BAEE8} = {24D8B347-3C73-44C2-BE37-C4AF15D4553E}
		{772E04AB-FB4C-4AD6-938C-C36FA359A817} = {24D8B347-3C73-44C2-BE37-C4AF15D4553E}
	EndGlobalSection
	GlobalSection(ExtensibilityGlobals) = postSolution
		SolutionGuid = {50ECD470-BF7B-41D6-B095-89C6277537AD}
	EndGlobalSection
EndGlobal
